version: 6
environments:
  default:
    channels:
    - url: https://conda.anaconda.org/conda-forge/
    indexes:
    - https://pypi.org/simple
    packages:
      win-64:
      - conda: https://conda.anaconda.org/conda-forge/win-64/bzip2-1.0.8-h0ad9c76_8.conda
      - conda: https://conda.anaconda.org/conda-forge/noarch/ca-certificates-2025.11.12-h4c7d964_0.conda
      - conda: https://conda.anaconda.org/conda-forge/win-64/libexpat-2.7.1-hac47afa_0.conda
      - conda: https://conda.anaconda.org/conda-forge/win-64/libffi-3.5.2-h52bdfb6_0.conda
      - conda: https://conda.anaconda.org/conda-forge/win-64/liblzma-5.8.1-h2466b09_2.conda
      - conda: https://conda.anaconda.org/conda-forge/win-64/libsqlite-3.51.0-hf5d6505_0.conda
      - conda: https://conda.anaconda.org/conda-forge/win-64/libzlib-1.3.1-h2466b09_2.conda
      - conda: https://conda.anaconda.org/conda-forge/win-64/openssl-3.6.0-h725018a_0.conda
      - conda: https://conda.anaconda.org/conda-forge/win-64/python-3.12.12-h0159041_1_cpython.conda
      - conda: https://conda.anaconda.org/conda-forge/win-64/tk-8.6.13-h2c6b04d_3.conda
      - conda: https://conda.anaconda.org/conda-forge/noarch/tzdata-2025b-h78e105d_0.conda
      - conda: https://conda.anaconda.org/conda-forge/win-64/ucrt-10.0.26100.0-h57928b3_0.conda
      - conda: https://conda.anaconda.org/conda-forge/win-64/vc-14.3-h2b53caa_32.conda
      - conda: https://conda.anaconda.org/conda-forge/win-64/vc14_runtime-14.44.35208-h818238b_32.conda
      - conda: https://conda.anaconda.org/conda-forge/win-64/vcomp14-14.44.35208-h818238b_32.conda
      - pypi: https://files.pythonhosted.org/packages/3e/b9/5b984124f539656efdf079f3d8f09d73667808ec8d0546e6bce6dc60ade6/casadi-3.7.2-cp312-none-win_amd64.whl
      - pypi: https://files.pythonhosted.org/packages/19/e8/6026ed58a64563186a9ee3f29f41261fd1828f527dd93d33b60feca63352/contourpy-1.3.3-cp312-cp312-win_amd64.whl
      - pypi: https://files.pythonhosted.org/packages/e7/05/c19819d5e3d95294a6f5947fb9b9629efb316b96de511b418c53d245aae6/cycler-0.12.1-py3-none-any.whl
      - pypi: https://files.pythonhosted.org/packages/88/8f/a55b5550cd33cd1028601df41acd057d4be20efa5c958f417b0c0613924d/fonttools-4.60.1-cp312-cp312-win_amd64.whl
      - pypi: https://files.pythonhosted.org/packages/a0/41/85d82b0291db7504da3c2defe35c9a8a5c9803a730f297bd823d11d5fb77/kiwisolver-1.4.9-cp312-cp312-win_amd64.whl
      - pypi: https://files.pythonhosted.org/packages/31/3c/80816f027b3a4a28cd2a0a6ef7f89a2db22310e945cd886ec25bfb399221/matplotlib-3.10.7-cp312-cp312-win_amd64.whl
      - pypi: https://files.pythonhosted.org/packages/3d/a8/566578b10d8d0e9955b1b6cd5db4e9d4592dd0026a941ff7994cedda030a/numpy-2.3.4-cp312-cp312-win_amd64.whl
      - pypi: https://files.pythonhosted.org/packages/20/12/38679034af332785aac8774540895e234f4d07f7545804097de4b666afd8/packaging-25.0-py3-none-any.whl
      - pypi: https://files.pythonhosted.org/packages/a2/0b/d87733741526541c909bbf159e338dcace4f982daac6e5a8d6be225ca32d/pillow-12.0.0-cp312-cp312-win_amd64.whl
      - pypi: https://files.pythonhosted.org/packages/10/5e/1aa9a93198c6b64513c9d7752de7422c06402de6600a8767da1524f9570b/pyparsing-3.2.5-py3-none-any.whl
      - pypi: https://files.pythonhosted.org/packages/ec/57/56b9bcc3c9c6a792fcbaf139543cee77261f3651ca9da0c93f5c1221264b/python_dateutil-2.9.0.post0-py2.py3-none-any.whl
      - pypi: https://files.pythonhosted.org/packages/86/bf/899e81e4cce32febab4fb42bb97dcdf66bc135272882d1987881a4b519e9/pyyaml-6.0.3-cp312-cp312-win_amd64.whl
      - pypi: https://files.pythonhosted.org/packages/c2/7f/acbd28c97e990b421af7d6d6cd416358c9c293fc958b8529e0bd5d2a2a19/scipy-1.16.3-cp312-cp312-win_amd64.whl
      - pypi: https://files.pythonhosted.org/packages/b7/ce/149a00dd41f10bc29e5921b496af8b574d8413afcd5e30dfa0ed46c2cc5e/six-1.17.0-py2.py3-none-any.whl
      - pypi: ./
  docs:
    channels:
    - url: https://conda.anaconda.org/conda-forge/
    indexes:
    - https://pypi.org/simple
    packages:
      win-64:
      - conda: https://conda.anaconda.org/conda-forge/win-64/bzip2-1.0.8-h0ad9c76_8.conda
      - conda: https://conda.anaconda.org/conda-forge/noarch/ca-certificates-2025.11.12-h4c7d964_0.conda
      - conda: https://conda.anaconda.org/conda-forge/win-64/libexpat-2.7.1-hac47afa_0.conda
      - conda: https://conda.anaconda.org/conda-forge/win-64/libffi-3.5.2-h52bdfb6_0.conda
      - conda: https://conda.anaconda.org/conda-forge/win-64/liblzma-5.8.1-h2466b09_2.conda
      - conda: https://conda.anaconda.org/conda-forge/win-64/libsqlite-3.51.0-hf5d6505_0.conda
      - conda: https://conda.anaconda.org/conda-forge/win-64/libzlib-1.3.1-h2466b09_2.conda
      - conda: https://conda.anaconda.org/conda-forge/win-64/openssl-3.6.0-h725018a_0.conda
      - conda: https://conda.anaconda.org/conda-forge/win-64/python-3.12.12-h0159041_1_cpython.conda
      - conda: https://conda.anaconda.org/conda-forge/win-64/tk-8.6.13-h2c6b04d_3.conda
      - conda: https://conda.anaconda.org/conda-forge/noarch/tzdata-2025b-h78e105d_0.conda
      - conda: https://conda.anaconda.org/conda-forge/win-64/ucrt-10.0.26100.0-h57928b3_0.conda
      - conda: https://conda.anaconda.org/conda-forge/win-64/vc-14.3-h2b53caa_32.conda
      - conda: https://conda.anaconda.org/conda-forge/win-64/vc14_runtime-14.44.35208-h818238b_32.conda
      - conda: https://conda.anaconda.org/conda-forge/win-64/vcomp14-14.44.35208-h818238b_32.conda
      - pypi: https://files.pythonhosted.org/packages/8d/3f/95338030883d8c8b91223b4e21744b04d11b161a3ef117295d8241f50ab4/accessible_pygments-0.0.5-py3-none-any.whl
      - pypi: https://files.pythonhosted.org/packages/7e/b3/6b4067be973ae96ba0d615946e314c5ae35f9f993eca561b356540bb0c2b/alabaster-1.0.0-py3-none-any.whl
      - pypi: https://files.pythonhosted.org/packages/93/ac/a85b4bfb4cf53221513e27f33cc37ad158fce02ac291d18bee6b49ab477d/astroid-4.0.2-py3-none-any.whl
      - pypi: https://files.pythonhosted.org/packages/b7/b8/3fe70c75fe32afc4bb507f75563d39bc5642255d1d94f1f23604725780bf/babel-2.17.0-py3-none-any.whl
      - pypi: https://files.pythonhosted.org/packages/94/fe/3aed5d0be4d404d12d36ab97e2f1791424d9ca39c2f754a6285d59a3b01d/beautifulsoup4-4.14.2-py3-none-any.whl
      - pypi: https://files.pythonhosted.org/packages/3e/b9/5b984124f539656efdf079f3d8f09d73667808ec8d0546e6bce6dc60ade6/casadi-3.7.2-cp312-none-win_amd64.whl
      - pypi: https://files.pythonhosted.org/packages/70/7d/9bc192684cea499815ff478dfcdc13835ddf401365057044fb721ec6bddb/certifi-2025.11.12-py3-none-any.whl
      - pypi: https://files.pythonhosted.org/packages/3d/2d/1e5ed9dd3b3803994c155cd9aacb60c82c331bad84daf75bcb9c91b3295e/charset_normalizer-3.4.4-cp312-cp312-win_amd64.whl
      - pypi: https://files.pythonhosted.org/packages/d1/d6/3965ed04c63042e047cb6a3e6ed1a63a35087b6a609aa3a15ed8ac56c221/colorama-0.4.6-py2.py3-none-any.whl
      - pypi: https://files.pythonhosted.org/packages/19/e8/6026ed58a64563186a9ee3f29f41261fd1828f527dd93d33b60feca63352/contourpy-1.3.3-cp312-cp312-win_amd64.whl
      - pypi: https://files.pythonhosted.org/packages/e7/05/c19819d5e3d95294a6f5947fb9b9629efb316b96de511b418c53d245aae6/cycler-0.12.1-py3-none-any.whl
      - pypi: https://files.pythonhosted.org/packages/8f/d7/9322c609343d929e75e7e5e6255e614fcc67572cfd083959cdef3b7aad79/docutils-0.21.2-py3-none-any.whl
      - pypi: https://files.pythonhosted.org/packages/88/8f/a55b5550cd33cd1028601df41acd057d4be20efa5c958f417b0c0613924d/fonttools-4.60.1-cp312-cp312-win_amd64.whl
      - pypi: https://files.pythonhosted.org/packages/ba/69/964b55f389c289e16ba2a5dfe587c3c462aac09e24123f09ddf703889584/furo-2025.9.25-py3-none-any.whl
      - pypi: https://files.pythonhosted.org/packages/0e/61/66938bbb5fc52dbdf84594873d5b51fb1f7c7794e9c0f5bd885f30bc507b/idna-3.11-py3-none-any.whl
      - pypi: https://files.pythonhosted.org/packages/ff/62/85c4c919272577931d407be5ba5d71c20f0b616d31a0befe0ae45bb79abd/imagesize-1.4.1-py2.py3-none-any.whl
      - pypi: https://files.pythonhosted.org/packages/62/a1/3d680cbfd5f4b8f15abc1d571870c5fc3e594bb582bc3b64ea099db13e56/jinja2-3.1.6-py3-none-any.whl
      - pypi: https://files.pythonhosted.org/packages/a0/41/85d82b0291db7504da3c2defe35c9a8a5c9803a730f297bd823d11d5fb77/kiwisolver-1.4.9-cp312-cp312-win_amd64.whl
      - pypi: https://files.pythonhosted.org/packages/aa/5b/bec5aa9bbbb2c946ca2733ef9c4ca91c91b6a24580193e891b5f7dbe8e1e/markupsafe-3.0.3-cp312-cp312-win_amd64.whl
      - pypi: https://files.pythonhosted.org/packages/31/3c/80816f027b3a4a28cd2a0a6ef7f89a2db22310e945cd886ec25bfb399221/matplotlib-3.10.7-cp312-cp312-win_amd64.whl
      - pypi: https://files.pythonhosted.org/packages/3d/a8/566578b10d8d0e9955b1b6cd5db4e9d4592dd0026a941ff7994cedda030a/numpy-2.3.4-cp312-cp312-win_amd64.whl
      - pypi: https://files.pythonhosted.org/packages/20/12/38679034af332785aac8774540895e234f4d07f7545804097de4b666afd8/packaging-25.0-py3-none-any.whl
      - pypi: https://files.pythonhosted.org/packages/a2/0b/d87733741526541c909bbf159e338dcace4f982daac6e5a8d6be225ca32d/pillow-12.0.0-cp312-cp312-win_amd64.whl
      - pypi: https://files.pythonhosted.org/packages/c7/21/705964c7812476f378728bdf590ca4b771ec72385c533964653c68e86bdc/pygments-2.19.2-py3-none-any.whl
      - pypi: https://files.pythonhosted.org/packages/10/5e/1aa9a93198c6b64513c9d7752de7422c06402de6600a8767da1524f9570b/pyparsing-3.2.5-py3-none-any.whl
      - pypi: https://files.pythonhosted.org/packages/ec/57/56b9bcc3c9c6a792fcbaf139543cee77261f3651ca9da0c93f5c1221264b/python_dateutil-2.9.0.post0-py2.py3-none-any.whl
      - pypi: https://files.pythonhosted.org/packages/86/bf/899e81e4cce32febab4fb42bb97dcdf66bc135272882d1987881a4b519e9/pyyaml-6.0.3-cp312-cp312-win_amd64.whl
      - pypi: https://files.pythonhosted.org/packages/1e/db/4254e3eabe8020b458f1a747140d32277ec7a271daf1d235b70dc0b4e6e3/requests-2.32.5-py3-none-any.whl
      - pypi: https://files.pythonhosted.org/packages/53/97/d2cbbaa10c9b826af0e10fdf836e1bf344d9f0abb873ebc34d1f49642d3f/roman_numerals_py-3.1.0-py3-none-any.whl
      - pypi: https://files.pythonhosted.org/packages/c2/7f/acbd28c97e990b421af7d6d6cd416358c9c293fc958b8529e0bd5d2a2a19/scipy-1.16.3-cp312-cp312-win_amd64.whl
      - pypi: https://files.pythonhosted.org/packages/b7/ce/149a00dd41f10bc29e5921b496af8b574d8413afcd5e30dfa0ed46c2cc5e/six-1.17.0-py2.py3-none-any.whl
      - pypi: https://files.pythonhosted.org/packages/c8/78/3565d011c61f5a43488987ee32b6f3f656e7f107ac2782dd57bdd7d91d9a/snowballstemmer-3.0.1-py3-none-any.whl
      - pypi: https://files.pythonhosted.org/packages/14/a0/bb38d3b76b8cae341dad93a2dd83ab7462e6dbcdd84d43f54ee60a8dc167/soupsieve-2.8-py3-none-any.whl
      - pypi: https://files.pythonhosted.org/packages/31/53/136e9eca6e0b9dc0e1962e2c908fbea2e5ac000c2a2fbd9a35797958c48b/sphinx-8.2.3-py3-none-any.whl
      - pypi: https://files.pythonhosted.org/packages/ca/89/aea2f346fcdb44eb72464842e106b6291b2687feec2dd8b2de920ab89f28/sphinx_autoapi-3.6.1-py3-none-any.whl
      - pypi: https://files.pythonhosted.org/packages/3c/dd/018ce05c532a22007ac58d4f45232514cd9d6dd0ee1dc374e309db830983/sphinx_basic_ng-1.0.0b2-py3-none-any.whl
      - pypi: https://files.pythonhosted.org/packages/5d/85/9ebeae2f76e9e77b952f4b274c27238156eae7979c5421fba91a28f4970d/sphinxcontrib_applehelp-2.0.0-py3-none-any.whl
      - pypi: https://files.pythonhosted.org/packages/35/7a/987e583882f985fe4d7323774889ec58049171828b58c2217e7f79cdf44e/sphinxcontrib_devhelp-2.0.0-py3-none-any.whl
      - pypi: https://files.pythonhosted.org/packages/0a/7b/18a8c0bcec9182c05a0b3ec2a776bba4ead82750a55ff798e8d406dae604/sphinxcontrib_htmlhelp-2.1.0-py3-none-any.whl
      - pypi: https://files.pythonhosted.org/packages/c2/42/4c8646762ee83602e3fb3fbe774c2fac12f317deb0b5dbeeedd2d3ba4b77/sphinxcontrib_jsmath-1.0.1-py2.py3-none-any.whl
      - pypi: https://files.pythonhosted.org/packages/27/83/859ecdd180cacc13b1f7e857abf8582a64552ea7a061057a6c716e790fce/sphinxcontrib_qthelp-2.0.0-py3-none-any.whl
      - pypi: https://files.pythonhosted.org/packages/52/a7/d2782e4e3f77c8450f727ba74a8f12756d5ba823d81b941f1b04da9d033a/sphinxcontrib_serializinghtml-2.0.0-py3-none-any.whl
      - pypi: https://files.pythonhosted.org/packages/18/67/36e9267722cc04a6b9f15c7f3441c2363321a3ea07da7ae0c0707beb2a9c/typing_extensions-4.15.0-py3-none-any.whl
      - pypi: https://files.pythonhosted.org/packages/a7/c2/fe1e52489ae3122415c51f387e221dd0773709bad6c6cdaa599e8a2c5185/urllib3-2.5.0-py3-none-any.whl
      - pypi: ./
packages:
- pypi: https://files.pythonhosted.org/packages/8d/3f/95338030883d8c8b91223b4e21744b04d11b161a3ef117295d8241f50ab4/accessible_pygments-0.0.5-py3-none-any.whl
  name: accessible-pygments
  version: 0.0.5
  sha256: 88ae3211e68a1d0b011504b2ffc1691feafce124b845bd072ab6f9f66f34d4b7
  requires_dist:
  - pygments>=1.5
  - pillow ; extra == 'dev'
  - pkginfo>=1.10 ; extra == 'dev'
  - playwright ; extra == 'dev'
  - pre-commit ; extra == 'dev'
  - setuptools ; extra == 'dev'
  - twine>=5.0 ; extra == 'dev'
  - hypothesis ; extra == 'tests'
  - pytest ; extra == 'tests'
  requires_python: '>=3.9'
- pypi: https://files.pythonhosted.org/packages/7e/b3/6b4067be973ae96ba0d615946e314c5ae35f9f993eca561b356540bb0c2b/alabaster-1.0.0-py3-none-any.whl
  name: alabaster
  version: 1.0.0
  sha256: fc6786402dc3fcb2de3cabd5fe455a2db534b371124f1f21de8731783dec828b
  requires_python: '>=3.10'
- pypi: https://files.pythonhosted.org/packages/93/ac/a85b4bfb4cf53221513e27f33cc37ad158fce02ac291d18bee6b49ab477d/astroid-4.0.2-py3-none-any.whl
  name: astroid
  version: 4.0.2
  sha256: d7546c00a12efc32650b19a2bb66a153883185d3179ab0d4868086f807338b9b
  requires_dist:
  - typing-extensions>=4 ; python_full_version < '3.11'
  requires_python: '>=3.10.0'
- pypi: https://files.pythonhosted.org/packages/b7/b8/3fe70c75fe32afc4bb507f75563d39bc5642255d1d94f1f23604725780bf/babel-2.17.0-py3-none-any.whl
  name: babel
  version: 2.17.0
  sha256: 4d0b53093fdfb4b21c92b5213dba5a1b23885afa8383709427046b21c366e5f2
  requires_dist:
  - pytz>=2015.7 ; python_full_version < '3.9'
  - tzdata ; sys_platform == 'win32' and extra == 'dev'
  - backports-zoneinfo ; python_full_version < '3.9' and extra == 'dev'
  - freezegun~=1.0 ; extra == 'dev'
  - jinja2>=3.0 ; extra == 'dev'
  - pytest-cov ; extra == 'dev'
  - pytest>=6.0 ; extra == 'dev'
  - pytz ; extra == 'dev'
  - setuptools ; extra == 'dev'
  requires_python: '>=3.8'
- pypi: https://files.pythonhosted.org/packages/94/fe/3aed5d0be4d404d12d36ab97e2f1791424d9ca39c2f754a6285d59a3b01d/beautifulsoup4-4.14.2-py3-none-any.whl
  name: beautifulsoup4
  version: 4.14.2
  sha256: 5ef6fa3a8cbece8488d66985560f97ed091e22bbc4e9c2338508a9d5de6d4515
  requires_dist:
  - soupsieve>1.2
  - typing-extensions>=4.0.0
  - cchardet ; extra == 'cchardet'
  - chardet ; extra == 'chardet'
  - charset-normalizer ; extra == 'charset-normalizer'
  - html5lib ; extra == 'html5lib'
  - lxml ; extra == 'lxml'
  requires_python: '>=3.7.0'
- conda: https://conda.anaconda.org/conda-forge/win-64/bzip2-1.0.8-h0ad9c76_8.conda
  sha256: d882712855624641f48aa9dc3f5feea2ed6b4e6004585d3616386a18186fe692
  md5: 1077e9333c41ff0be8edd1a5ec0ddace
  depends:
  - ucrt >=10.0.20348.0
  - vc >=14.3,<15
  - vc14_runtime >=14.44.35208
  license: bzip2-1.0.6
  license_family: BSD
  purls: []
  size: 55977
  timestamp: 1757437738856
- conda: https://conda.anaconda.org/conda-forge/noarch/ca-certificates-2025.11.12-h4c7d964_0.conda
  sha256: 686a13bd2d4024fc99a22c1e0e68a7356af3ed3304a8d3ff6bb56249ad4e82f0
  md5: f98fb7db808b94bc1ec5b0e62f9f1069
  depends:
  - __win
  license: ISC
  purls: []
  size: 152827
  timestamp: 1762967310929
- pypi: https://files.pythonhosted.org/packages/3e/b9/5b984124f539656efdf079f3d8f09d73667808ec8d0546e6bce6dc60ade6/casadi-3.7.2-cp312-none-win_amd64.whl
  name: casadi
  version: 3.7.2
  sha256: 81d677d2b020c1307c1eb25eae15686e5de199bb066828c3eaabdfaaaf457ffd
  requires_dist:
  - numpy
- pypi: https://files.pythonhosted.org/packages/70/7d/9bc192684cea499815ff478dfcdc13835ddf401365057044fb721ec6bddb/certifi-2025.11.12-py3-none-any.whl
  name: certifi
  version: 2025.11.12
  sha256: 97de8790030bbd5c2d96b7ec782fc2f7820ef8dba6db909ccf95449f2d062d4b
  requires_python: '>=3.7'
- pypi: https://files.pythonhosted.org/packages/3d/2d/1e5ed9dd3b3803994c155cd9aacb60c82c331bad84daf75bcb9c91b3295e/charset_normalizer-3.4.4-cp312-cp312-win_amd64.whl
  name: charset-normalizer
  version: 3.4.4
  sha256: a79cfe37875f822425b89a82333404539ae63dbdddf97f84dcbc3d339aae9525
  requires_python: '>=3.7'
- pypi: https://files.pythonhosted.org/packages/d1/d6/3965ed04c63042e047cb6a3e6ed1a63a35087b6a609aa3a15ed8ac56c221/colorama-0.4.6-py2.py3-none-any.whl
  name: colorama
  version: 0.4.6
  sha256: 4f1d9991f5acc0ca119f9d443620b77f9d6b33703e51011c16baf57afb285fc6
  requires_python: '>=2.7,!=3.0.*,!=3.1.*,!=3.2.*,!=3.3.*,!=3.4.*,!=3.5.*,!=3.6.*'
- pypi: https://files.pythonhosted.org/packages/19/e8/6026ed58a64563186a9ee3f29f41261fd1828f527dd93d33b60feca63352/contourpy-1.3.3-cp312-cp312-win_amd64.whl
  name: contourpy
  version: 1.3.3
  sha256: 8153b8bfc11e1e4d75bcb0bff1db232f9e10b274e0929de9d608027e0d34ff8b
  requires_dist:
  - numpy>=1.25
  - furo ; extra == 'docs'
  - sphinx>=7.2 ; extra == 'docs'
  - sphinx-copybutton ; extra == 'docs'
  - bokeh ; extra == 'bokeh'
  - selenium ; extra == 'bokeh'
  - contourpy[bokeh,docs] ; extra == 'mypy'
  - bokeh ; extra == 'mypy'
  - docutils-stubs ; extra == 'mypy'
  - mypy==1.17.0 ; extra == 'mypy'
  - types-pillow ; extra == 'mypy'
  - contourpy[test-no-images] ; extra == 'test'
  - matplotlib ; extra == 'test'
  - pillow ; extra == 'test'
  - pytest ; extra == 'test-no-images'
  - pytest-cov ; extra == 'test-no-images'
  - pytest-rerunfailures ; extra == 'test-no-images'
  - pytest-xdist ; extra == 'test-no-images'
  - wurlitzer ; extra == 'test-no-images'
  requires_python: '>=3.11'
- pypi: https://files.pythonhosted.org/packages/e7/05/c19819d5e3d95294a6f5947fb9b9629efb316b96de511b418c53d245aae6/cycler-0.12.1-py3-none-any.whl
  name: cycler
  version: 0.12.1
  sha256: 85cef7cff222d8644161529808465972e51340599459b8ac3ccbac5a854e0d30
  requires_dist:
  - ipython ; extra == 'docs'
  - matplotlib ; extra == 'docs'
  - numpydoc ; extra == 'docs'
  - sphinx ; extra == 'docs'
  - pytest ; extra == 'tests'
  - pytest-cov ; extra == 'tests'
  - pytest-xdist ; extra == 'tests'
  requires_python: '>=3.8'
- pypi: https://files.pythonhosted.org/packages/8f/d7/9322c609343d929e75e7e5e6255e614fcc67572cfd083959cdef3b7aad79/docutils-0.21.2-py3-none-any.whl
  name: docutils
  version: 0.21.2
  sha256: dafca5b9e384f0e419294eb4d2ff9fa826435bf15f15b7bd45723e8ad76811b2
  requires_python: '>=3.9'
- pypi: https://files.pythonhosted.org/packages/88/8f/a55b5550cd33cd1028601df41acd057d4be20efa5c958f417b0c0613924d/fonttools-4.60.1-cp312-cp312-win_amd64.whl
  name: fonttools
  version: 4.60.1
  sha256: 992775c9fbe2cf794786fa0ffca7f09f564ba3499b8fe9f2f80bd7197db60383
  requires_dist:
  - lxml>=4.0 ; extra == 'lxml'
  - brotli>=1.0.1 ; platform_python_implementation == 'CPython' and extra == 'woff'
  - brotlicffi>=0.8.0 ; platform_python_implementation != 'CPython' and extra == 'woff'
  - zopfli>=0.1.4 ; extra == 'woff'
  - unicodedata2>=15.1.0 ; python_full_version < '3.13' and extra == 'unicode'
  - lz4>=1.7.4.2 ; extra == 'graphite'
  - scipy ; platform_python_implementation != 'PyPy' and extra == 'interpolatable'
  - munkres ; platform_python_implementation == 'PyPy' and extra == 'interpolatable'
  - pycairo ; extra == 'interpolatable'
  - matplotlib ; extra == 'plot'
  - sympy ; extra == 'symfont'
  - xattr ; sys_platform == 'darwin' and extra == 'type1'
  - skia-pathops>=0.5.0 ; extra == 'pathops'
  - uharfbuzz>=0.23.0 ; extra == 'repacker'
  - lxml>=4.0 ; extra == 'all'
  - brotli>=1.0.1 ; platform_python_implementation == 'CPython' and extra == 'all'
  - brotlicffi>=0.8.0 ; platform_python_implementation != 'CPython' and extra == 'all'
  - zopfli>=0.1.4 ; extra == 'all'
  - unicodedata2>=15.1.0 ; python_full_version < '3.13' and extra == 'all'
  - lz4>=1.7.4.2 ; extra == 'all'
  - scipy ; platform_python_implementation != 'PyPy' and extra == 'all'
  - munkres ; platform_python_implementation == 'PyPy' and extra == 'all'
  - pycairo ; extra == 'all'
  - matplotlib ; extra == 'all'
  - sympy ; extra == 'all'
  - xattr ; sys_platform == 'darwin' and extra == 'all'
  - skia-pathops>=0.5.0 ; extra == 'all'
  - uharfbuzz>=0.23.0 ; extra == 'all'
  requires_python: '>=3.9'
- pypi: https://files.pythonhosted.org/packages/ba/69/964b55f389c289e16ba2a5dfe587c3c462aac09e24123f09ddf703889584/furo-2025.9.25-py3-none-any.whl
  name: furo
  version: 2025.9.25
  sha256: 2937f68e823b8e37b410c972c371bc2b1d88026709534927158e0cb3fac95afe
  requires_dist:
  - beautifulsoup4
  - sphinx>=6.0,<9.0
  - sphinx-basic-ng>=1.0.0b2
  - pygments>=2.7
  - accessible-pygments>=0.0.5
  requires_python: '>=3.8'
- pypi: ./
  name: hybrid-bo
  version: 0.1.0
  sha256: 69af973feb22184653ed8091602d2b4086af64e100746810d72aa1f007e8ff59
  requires_dist:
  - casadi>=3.7.2,<4
  - numpy>=2.3.4,<3
  - scipy>=1.15
  - matplotlib>=3.10.7,<4
  - pyyaml>=6.0.3,<7
  requires_python: '>=3.12'
  editable: true
- pypi: https://files.pythonhosted.org/packages/0e/61/66938bbb5fc52dbdf84594873d5b51fb1f7c7794e9c0f5bd885f30bc507b/idna-3.11-py3-none-any.whl
  name: idna
  version: '3.11'
  sha256: 771a87f49d9defaf64091e6e6fe9c18d4833f140bd19464795bc32d966ca37ea
  requires_dist:
  - ruff>=0.6.2 ; extra == 'all'
  - mypy>=1.11.2 ; extra == 'all'
  - pytest>=8.3.2 ; extra == 'all'
  - flake8>=7.1.1 ; extra == 'all'
  requires_python: '>=3.8'
- pypi: https://files.pythonhosted.org/packages/ff/62/85c4c919272577931d407be5ba5d71c20f0b616d31a0befe0ae45bb79abd/imagesize-1.4.1-py2.py3-none-any.whl
  name: imagesize
  version: 1.4.1
  sha256: 0d8d18d08f840c19d0ee7ca1fd82490fdc3729b7ac93f49870406ddde8ef8d8b
  requires_python: '>=2.7,!=3.0.*,!=3.1.*,!=3.2.*,!=3.3.*'
- pypi: https://files.pythonhosted.org/packages/62/a1/3d680cbfd5f4b8f15abc1d571870c5fc3e594bb582bc3b64ea099db13e56/jinja2-3.1.6-py3-none-any.whl
  name: jinja2
  version: 3.1.6
  sha256: 85ece4451f492d0c13c5dd7c13a64681a86afae63a5f347908daf103ce6d2f67
  requires_dist:
  - markupsafe>=2.0
  - babel>=2.7 ; extra == 'i18n'
  requires_python: '>=3.7'
- pypi: https://files.pythonhosted.org/packages/a0/41/85d82b0291db7504da3c2defe35c9a8a5c9803a730f297bd823d11d5fb77/kiwisolver-1.4.9-cp312-cp312-win_amd64.whl
  name: kiwisolver
  version: 1.4.9
  sha256: f68208a520c3d86ea51acf688a3e3002615a7f0238002cccc17affecc86a8a54
  requires_python: '>=3.10'
- conda: https://conda.anaconda.org/conda-forge/win-64/libexpat-2.7.1-hac47afa_0.conda
  sha256: 8432ca842bdf8073ccecf016ccc9140c41c7114dc4ec77ca754551c01f780845
  md5: 3608ffde260281fa641e70d6e34b1b96
  depends:
  - ucrt >=10.0.20348.0
  - vc >=14.3,<15
  - vc14_runtime >=14.44.35208
  constrains:
  - expat 2.7.1.*
  license: MIT
  license_family: MIT
  purls: []
  size: 141322
  timestamp: 1752719767870
- conda: https://conda.anaconda.org/conda-forge/win-64/libffi-3.5.2-h52bdfb6_0.conda
  sha256: ddff25aaa4f0aa535413f5d831b04073789522890a4d8626366e43ecde1534a3
  md5: ba4ad812d2afc22b9a34ce8327a0930f
  depends:
  - ucrt >=10.0.20348.0
  - vc >=14.3,<15
  - vc14_runtime >=14.44.35208
  license: MIT
  license_family: MIT
  purls: []
  size: 44866
  timestamp: 1760295760649
- conda: https://conda.anaconda.org/conda-forge/win-64/liblzma-5.8.1-h2466b09_2.conda
  sha256: 55764956eb9179b98de7cc0e55696f2eff8f7b83fc3ebff5e696ca358bca28cc
  md5: c15148b2e18da456f5108ccb5e411446
  depends:
  - ucrt >=10.0.20348.0
  - vc >=14.2,<15
  - vc14_runtime >=14.29.30139
  constrains:
  - xz 5.8.1.*
  license: 0BSD
  purls: []
  size: 104935
  timestamp: 1749230611612
- conda: https://conda.anaconda.org/conda-forge/win-64/libsqlite-3.51.0-hf5d6505_0.conda
  sha256: 2373bd7450693bd0f624966e1bee2f49b0bf0ffbc114275ed0a43cf35aec5b21
  md5: d2c9300ebd2848862929b18c264d1b1e
  depends:
  - ucrt >=10.0.20348.0
  - vc >=14.3,<15
  - vc14_runtime >=14.44.35208
  license: blessing
  purls: []
  size: 1292710
  timestamp: 1762299749044
- conda: https://conda.anaconda.org/conda-forge/win-64/libzlib-1.3.1-h2466b09_2.conda
  sha256: ba945c6493449bed0e6e29883c4943817f7c79cbff52b83360f7b341277c6402
  md5: 41fbfac52c601159df6c01f875de31b9
  depends:
  - ucrt >=10.0.20348.0
  - vc >=14.2,<15
  - vc14_runtime >=14.29.30139
  constrains:
  - zlib 1.3.1 *_2
  license: Zlib
  license_family: Other
  purls: []
  size: 55476
  timestamp: 1727963768015
- pypi: https://files.pythonhosted.org/packages/aa/5b/bec5aa9bbbb2c946ca2733ef9c4ca91c91b6a24580193e891b5f7dbe8e1e/markupsafe-3.0.3-cp312-cp312-win_amd64.whl
  name: markupsafe
  version: 3.0.3
  sha256: 26a5784ded40c9e318cfc2bdb30fe164bdb8665ded9cd64d500a34fb42067b1c
  requires_python: '>=3.9'
- pypi: https://files.pythonhosted.org/packages/31/3c/80816f027b3a4a28cd2a0a6ef7f89a2db22310e945cd886ec25bfb399221/matplotlib-3.10.7-cp312-cp312-win_amd64.whl
  name: matplotlib
  version: 3.10.7
  sha256: 0d8c32b7ea6fb80b1aeff5a2ceb3fb9778e2759e899d9beff75584714afcc5ee
  requires_dist:
  - contourpy>=1.0.1
  - cycler>=0.10
  - fonttools>=4.22.0
  - kiwisolver>=1.3.1
  - numpy>=1.23
  - packaging>=20.0
  - pillow>=8
  - pyparsing>=3
  - python-dateutil>=2.7
  - meson-python>=0.13.1,<0.17.0 ; extra == 'dev'
  - pybind11>=2.13.2,!=2.13.3 ; extra == 'dev'
  - setuptools-scm>=7 ; extra == 'dev'
  - setuptools>=64 ; extra == 'dev'
  requires_python: '>=3.10'
- pypi: https://files.pythonhosted.org/packages/3d/a8/566578b10d8d0e9955b1b6cd5db4e9d4592dd0026a941ff7994cedda030a/numpy-2.3.4-cp312-cp312-win_amd64.whl
  name: numpy
  version: 2.3.4
  sha256: 985f1e46358f06c2a09921e8921e2c98168ed4ae12ccd6e5e87a4f1857923f32
  requires_python: '>=3.11'
- conda: https://conda.anaconda.org/conda-forge/win-64/openssl-3.6.0-h725018a_0.conda
  sha256: 6d72d6f766293d4f2aa60c28c244c8efed6946c430814175f959ffe8cab899b3
  md5: 84f8fb4afd1157f59098f618cd2437e4
  depends:
  - ca-certificates
  - ucrt >=10.0.20348.0
  - vc >=14.3,<15
  - vc14_runtime >=14.44.35208
  license: Apache-2.0
  license_family: Apache
  purls: []
  size: 9440812
  timestamp: 1762841722179
- pypi: https://files.pythonhosted.org/packages/20/12/38679034af332785aac8774540895e234f4d07f7545804097de4b666afd8/packaging-25.0-py3-none-any.whl
  name: packaging
  version: '25.0'
  sha256: 29572ef2b1f17581046b3a2227d5c611fb25ec70ca1ba8554b24b0e69331a484
  requires_python: '>=3.8'
- pypi: https://files.pythonhosted.org/packages/a2/0b/d87733741526541c909bbf159e338dcace4f982daac6e5a8d6be225ca32d/pillow-12.0.0-cp312-cp312-win_amd64.whl
  name: pillow
  version: 12.0.0
  sha256: 9fe611163f6303d1619bbcb653540a4d60f9e55e622d60a3108be0d5b441017a
  requires_dist:
  - furo ; extra == 'docs'
  - olefile ; extra == 'docs'
  - sphinx>=8.2 ; extra == 'docs'
  - sphinx-autobuild ; extra == 'docs'
  - sphinx-copybutton ; extra == 'docs'
  - sphinx-inline-tabs ; extra == 'docs'
  - sphinxext-opengraph ; extra == 'docs'
  - olefile ; extra == 'fpx'
  - olefile ; extra == 'mic'
  - arro3-compute ; extra == 'test-arrow'
  - arro3-core ; extra == 'test-arrow'
  - nanoarrow ; extra == 'test-arrow'
  - pyarrow ; extra == 'test-arrow'
  - check-manifest ; extra == 'tests'
  - coverage>=7.4.2 ; extra == 'tests'
  - defusedxml ; extra == 'tests'
  - markdown2 ; extra == 'tests'
  - olefile ; extra == 'tests'
  - packaging ; extra == 'tests'
  - pyroma>=5 ; extra == 'tests'
  - pytest ; extra == 'tests'
  - pytest-cov ; extra == 'tests'
  - pytest-timeout ; extra == 'tests'
  - pytest-xdist ; extra == 'tests'
  - trove-classifiers>=2024.10.12 ; extra == 'tests'
  - defusedxml ; extra == 'xmp'
  requires_python: '>=3.10'
- pypi: https://files.pythonhosted.org/packages/c7/21/705964c7812476f378728bdf590ca4b771ec72385c533964653c68e86bdc/pygments-2.19.2-py3-none-any.whl
  name: pygments
  version: 2.19.2
  sha256: 86540386c03d588bb81d44bc3928634ff26449851e99741617ecb9037ee5ec0b
  requires_dist:
  - colorama>=0.4.6 ; extra == 'windows-terminal'
  requires_python: '>=3.8'
- pypi: https://files.pythonhosted.org/packages/10/5e/1aa9a93198c6b64513c9d7752de7422c06402de6600a8767da1524f9570b/pyparsing-3.2.5-py3-none-any.whl
  name: pyparsing
  version: 3.2.5
  sha256: e38a4f02064cf41fe6593d328d0512495ad1f3d8a91c4f73fc401b3079a59a5e
  requires_dist:
  - railroad-diagrams ; extra == 'diagrams'
  - jinja2 ; extra == 'diagrams'
  requires_python: '>=3.9'
- conda: https://conda.anaconda.org/conda-forge/win-64/python-3.12.12-h0159041_1_cpython.conda
  build_number: 1
  sha256: 9b163b0426c92eee1881d5c838e230a750a3fa372092db494772886ab91c2548
  md5: 42ae551e4c15837a582bea63412dc0b4
  depends:
  - bzip2 >=1.0.8,<2.0a0
  - libexpat >=2.7.1,<3.0a0
  - libffi >=3.5.2,<3.6.0a0
  - liblzma >=5.8.1,<6.0a0
  - libsqlite >=3.50.4,<4.0a0
  - libzlib >=1.3.1,<2.0a0
  - openssl >=3.5.4,<4.0a0
  - tk >=8.6.13,<8.7.0a0
  - tzdata
  - ucrt >=10.0.20348.0
  - vc >=14.3,<15
  - vc14_runtime >=14.44.35208
  constrains:
  - python_abi 3.12.* *_cp312
  license: Python-2.0
  purls: []
  size: 15883484
  timestamp: 1761175152489
- pypi: https://files.pythonhosted.org/packages/ec/57/56b9bcc3c9c6a792fcbaf139543cee77261f3651ca9da0c93f5c1221264b/python_dateutil-2.9.0.post0-py2.py3-none-any.whl
  name: python-dateutil
  version: 2.9.0.post0
  sha256: a8b2bc7bffae282281c8140a97d3aa9c14da0b136dfe83f850eea9a5f7470427
  requires_dist:
  - six>=1.5
  requires_python: '>=2.7,!=3.0.*,!=3.1.*,!=3.2.*'
- pypi: https://files.pythonhosted.org/packages/86/bf/899e81e4cce32febab4fb42bb97dcdf66bc135272882d1987881a4b519e9/pyyaml-6.0.3-cp312-cp312-win_amd64.whl
  name: pyyaml
  version: 6.0.3
  sha256: 5fcd34e47f6e0b794d17de1b4ff496c00986e1c83f7ab2fb8fcfe9616ff7477b
  requires_python: '>=3.8'
- pypi: https://files.pythonhosted.org/packages/1e/db/4254e3eabe8020b458f1a747140d32277ec7a271daf1d235b70dc0b4e6e3/requests-2.32.5-py3-none-any.whl
  name: requests
  version: 2.32.5
  sha256: 2462f94637a34fd532264295e186976db0f5d453d1cdd31473c85a6a161affb6
  requires_dist:
  - charset-normalizer>=2,<4
  - idna>=2.5,<4
  - urllib3>=1.21.1,<3
  - certifi>=2017.4.17
  - pysocks>=1.5.6,!=1.5.7 ; extra == 'socks'
  - chardet>=3.0.2,<6 ; extra == 'use-chardet-on-py3'
  requires_python: '>=3.9'
- pypi: https://files.pythonhosted.org/packages/53/97/d2cbbaa10c9b826af0e10fdf836e1bf344d9f0abb873ebc34d1f49642d3f/roman_numerals_py-3.1.0-py3-none-any.whl
  name: roman-numerals-py
  version: 3.1.0
  sha256: 9da2ad2fb670bcf24e81070ceb3be72f6c11c440d73bd579fbeca1e9f330954c
  requires_dist:
  - mypy==1.15.0 ; extra == 'lint'
  - ruff==0.9.7 ; extra == 'lint'
  - pyright==1.1.394 ; extra == 'lint'
  - pytest>=8 ; extra == 'test'
  requires_python: '>=3.9'
- pypi: https://files.pythonhosted.org/packages/c2/7f/acbd28c97e990b421af7d6d6cd416358c9c293fc958b8529e0bd5d2a2a19/scipy-1.16.3-cp312-cp312-win_amd64.whl
  name: scipy
  version: 1.16.3
  sha256: 56edc65510d1331dae01ef9b658d428e33ed48b4f77b1d51caf479a0253f96dc
  requires_dist:
  - numpy>=1.25.2,<2.6
  - pytest>=8.0.0 ; extra == 'test'
  - pytest-cov ; extra == 'test'
  - pytest-timeout ; extra == 'test'
  - pytest-xdist ; extra == 'test'
  - asv ; extra == 'test'
  - mpmath ; extra == 'test'
  - gmpy2 ; extra == 'test'
  - threadpoolctl ; extra == 'test'
  - scikit-umfpack ; extra == 'test'
  - pooch ; extra == 'test'
  - hypothesis>=6.30 ; extra == 'test'
  - array-api-strict>=2.3.1 ; extra == 'test'
  - cython ; extra == 'test'
  - meson ; extra == 'test'
  - ninja ; sys_platform != 'emscripten' and extra == 'test'
  - sphinx>=5.0.0,<8.2.0 ; extra == 'doc'
  - intersphinx-registry ; extra == 'doc'
  - pydata-sphinx-theme>=0.15.2 ; extra == 'doc'
  - sphinx-copybutton ; extra == 'doc'
  - sphinx-design>=0.4.0 ; extra == 'doc'
  - matplotlib>=3.5 ; extra == 'doc'
  - numpydoc ; extra == 'doc'
  - jupytext ; extra == 'doc'
  - myst-nb>=1.2.0 ; extra == 'doc'
  - pooch ; extra == 'doc'
  - jupyterlite-sphinx>=0.19.1 ; extra == 'doc'
  - jupyterlite-pyodide-kernel ; extra == 'doc'
  - linkify-it-py ; extra == 'doc'
  - mypy==1.10.0 ; extra == 'dev'
  - typing-extensions ; extra == 'dev'
  - types-psutil ; extra == 'dev'
  - pycodestyle ; extra == 'dev'
  - ruff>=0.0.292 ; extra == 'dev'
  - cython-lint>=0.12.2 ; extra == 'dev'
  - rich-click ; extra == 'dev'
  - doit>=0.36.0 ; extra == 'dev'
  - pydevtool ; extra == 'dev'
  requires_python: '>=3.11'
- pypi: https://files.pythonhosted.org/packages/b7/ce/149a00dd41f10bc29e5921b496af8b574d8413afcd5e30dfa0ed46c2cc5e/six-1.17.0-py2.py3-none-any.whl
  name: six
  version: 1.17.0
  sha256: 4721f391ed90541fddacab5acf947aa0d3dc7d27b2e1e8eda2be8970586c3274
  requires_python: '>=2.7,!=3.0.*,!=3.1.*,!=3.2.*'
- pypi: https://files.pythonhosted.org/packages/c8/78/3565d011c61f5a43488987ee32b6f3f656e7f107ac2782dd57bdd7d91d9a/snowballstemmer-3.0.1-py3-none-any.whl
  name: snowballstemmer
  version: 3.0.1
  sha256: 6cd7b3897da8d6c9ffb968a6781fa6532dce9c3618a4b127d920dab764a19064
  requires_python: '!=3.0.*,!=3.1.*,!=3.2.*'
- pypi: https://files.pythonhosted.org/packages/14/a0/bb38d3b76b8cae341dad93a2dd83ab7462e6dbcdd84d43f54ee60a8dc167/soupsieve-2.8-py3-none-any.whl
  name: soupsieve
  version: '2.8'
  sha256: 0cc76456a30e20f5d7f2e14a98a4ae2ee4e5abdc7c5ea0aafe795f344bc7984c
  requires_python: '>=3.9'
- pypi: https://files.pythonhosted.org/packages/31/53/136e9eca6e0b9dc0e1962e2c908fbea2e5ac000c2a2fbd9a35797958c48b/sphinx-8.2.3-py3-none-any.whl
  name: sphinx
  version: 8.2.3
  sha256: 4405915165f13521d875a8c29c8970800a0141c14cc5416a38feca4ea5d9b9c3
  requires_dist:
  - sphinxcontrib-applehelp>=1.0.7
  - sphinxcontrib-devhelp>=1.0.6
  - sphinxcontrib-htmlhelp>=2.0.6
  - sphinxcontrib-jsmath>=1.0.1
  - sphinxcontrib-qthelp>=1.0.6
  - sphinxcontrib-serializinghtml>=1.1.9
  - jinja2>=3.1
  - pygments>=2.17
  - docutils>=0.20,<0.22
  - snowballstemmer>=2.2
  - babel>=2.13
  - alabaster>=0.7.14
  - imagesize>=1.3
  - requests>=2.30.0
  - roman-numerals-py>=1.0.0
  - packaging>=23.0
  - colorama>=0.4.6 ; sys_platform == 'win32'
  - sphinxcontrib-websupport ; extra == 'docs'
  - ruff==0.9.9 ; extra == 'lint'
  - mypy==1.15.0 ; extra == 'lint'
  - sphinx-lint>=0.9 ; extra == 'lint'
  - types-colorama==0.4.15.20240311 ; extra == 'lint'
  - types-defusedxml==0.7.0.20240218 ; extra == 'lint'
  - types-docutils==0.21.0.20241128 ; extra == 'lint'
  - types-pillow==10.2.0.20240822 ; extra == 'lint'
  - types-pygments==2.19.0.20250219 ; extra == 'lint'
  - types-requests==2.32.0.20241016 ; extra == 'lint'
  - types-urllib3==1.26.25.14 ; extra == 'lint'
  - pyright==1.1.395 ; extra == 'lint'
  - pytest>=8.0 ; extra == 'lint'
  - pypi-attestations==0.0.21 ; extra == 'lint'
  - betterproto==2.0.0b6 ; extra == 'lint'
  - pytest>=8.0 ; extra == 'test'
  - pytest-xdist[psutil]>=3.4 ; extra == 'test'
  - defusedxml>=0.7.1 ; extra == 'test'
  - cython>=3.0 ; extra == 'test'
  - setuptools>=70.0 ; extra == 'test'
  - typing-extensions>=4.9 ; extra == 'test'
  requires_python: '>=3.11'
- pypi: https://files.pythonhosted.org/packages/ca/89/aea2f346fcdb44eb72464842e106b6291b2687feec2dd8b2de920ab89f28/sphinx_autoapi-3.6.1-py3-none-any.whl
  name: sphinx-autoapi
  version: 3.6.1
  sha256: 6b7af0d5650f6eac1f4b85c1eb9f9a4911160ec7138bdc4451c77a5e94d5832c
  requires_dist:
  - astroid~=3.0 ; python_full_version < '3.12'
  - astroid~=4.0 ; python_full_version >= '3.12'
  - jinja2
  - pyyaml
  - sphinx>=7.4.0
  - stdlib-list ; python_full_version < '3.10'
  requires_python: '>=3.9'
- pypi: https://files.pythonhosted.org/packages/3c/dd/018ce05c532a22007ac58d4f45232514cd9d6dd0ee1dc374e309db830983/sphinx_basic_ng-1.0.0b2-py3-none-any.whl
  name: sphinx-basic-ng
  version: 1.0.0b2
  sha256: eb09aedbabfb650607e9b4b68c9d240b90b1e1be221d6ad71d61c52e29f7932b
  requires_dist:
  - sphinx>=4.0
  - furo ; extra == 'docs'
  - myst-parser ; extra == 'docs'
  - sphinx-copybutton ; extra == 'docs'
  - sphinx-inline-tabs ; extra == 'docs'
  - ipython ; extra == 'docs'
  requires_python: '>=3.7'
- pypi: https://files.pythonhosted.org/packages/5d/85/9ebeae2f76e9e77b952f4b274c27238156eae7979c5421fba91a28f4970d/sphinxcontrib_applehelp-2.0.0-py3-none-any.whl
  name: sphinxcontrib-applehelp
  version: 2.0.0
  sha256: 4cd3f0ec4ac5dd9c17ec65e9ab272c9b867ea77425228e68ecf08d6b28ddbdb5
  requires_dist:
  - ruff==0.5.5 ; extra == 'lint'
  - mypy ; extra == 'lint'
  - types-docutils ; extra == 'lint'
  - sphinx>=5 ; extra == 'standalone'
  - pytest ; extra == 'test'
  requires_python: '>=3.9'
- pypi: https://files.pythonhosted.org/packages/35/7a/987e583882f985fe4d7323774889ec58049171828b58c2217e7f79cdf44e/sphinxcontrib_devhelp-2.0.0-py3-none-any.whl
  name: sphinxcontrib-devhelp
  version: 2.0.0
  sha256: aefb8b83854e4b0998877524d1029fd3e6879210422ee3780459e28a1f03a8a2
  requires_dist:
  - ruff==0.5.5 ; extra == 'lint'
  - mypy ; extra == 'lint'
  - types-docutils ; extra == 'lint'
  - sphinx>=5 ; extra == 'standalone'
  - pytest ; extra == 'test'
  requires_python: '>=3.9'
- pypi: https://files.pythonhosted.org/packages/0a/7b/18a8c0bcec9182c05a0b3ec2a776bba4ead82750a55ff798e8d406dae604/sphinxcontrib_htmlhelp-2.1.0-py3-none-any.whl
  name: sphinxcontrib-htmlhelp
  version: 2.1.0
  sha256: 166759820b47002d22914d64a075ce08f4c46818e17cfc9470a9786b759b19f8
  requires_dist:
  - ruff==0.5.5 ; extra == 'lint'
  - mypy ; extra == 'lint'
  - types-docutils ; extra == 'lint'
  - sphinx>=5 ; extra == 'standalone'
  - pytest ; extra == 'test'
  - html5lib ; extra == 'test'
  requires_python: '>=3.9'
- pypi: https://files.pythonhosted.org/packages/c2/42/4c8646762ee83602e3fb3fbe774c2fac12f317deb0b5dbeeedd2d3ba4b77/sphinxcontrib_jsmath-1.0.1-py2.py3-none-any.whl
  name: sphinxcontrib-jsmath
  version: 1.0.1
  sha256: 2ec2eaebfb78f3f2078e73666b1415417a116cc848b72e5172e596c871103178
  requires_dist:
  - pytest ; extra == 'test'
  - flake8 ; extra == 'test'
  - mypy ; extra == 'test'
  requires_python: '>=3.5'
- pypi: https://files.pythonhosted.org/packages/27/83/859ecdd180cacc13b1f7e857abf8582a64552ea7a061057a6c716e790fce/sphinxcontrib_qthelp-2.0.0-py3-none-any.whl
  name: sphinxcontrib-qthelp
  version: 2.0.0
  sha256: b18a828cdba941ccd6ee8445dbe72ffa3ef8cbe7505d8cd1fa0d42d3f2d5f3eb
  requires_dist:
  - ruff==0.5.5 ; extra == 'lint'
  - mypy ; extra == 'lint'
  - types-docutils ; extra == 'lint'
  - sphinx>=5 ; extra == 'standalone'
  - pytest ; extra == 'test'
  - defusedxml>=0.7.1 ; extra == 'test'
  requires_python: '>=3.9'
- pypi: https://files.pythonhosted.org/packages/52/a7/d2782e4e3f77c8450f727ba74a8f12756d5ba823d81b941f1b04da9d033a/sphinxcontrib_serializinghtml-2.0.0-py3-none-any.whl
  name: sphinxcontrib-serializinghtml
  version: 2.0.0
  sha256: 6e2cb0eef194e10c27ec0023bfeb25badbbb5868244cf5bc5bdc04e4464bf331
  requires_dist:
  - ruff==0.5.5 ; extra == 'lint'
  - mypy ; extra == 'lint'
  - types-docutils ; extra == 'lint'
  - sphinx>=5 ; extra == 'standalone'
  - pytest ; extra == 'test'
  requires_python: '>=3.9'
- conda: https://conda.anaconda.org/conda-forge/win-64/tk-8.6.13-h2c6b04d_3.conda
  sha256: 4581f4ffb432fefa1ac4f85c5682cc27014bcd66e7beaa0ee330e927a7858790
  md5: 7cb36e506a7dba4817970f8adb6396f9
  depends:
  - ucrt >=10.0.20348.0
  - vc >=14.2,<15
  - vc14_runtime >=14.29.30139
  license: TCL
  license_family: BSD
  purls: []
  size: 3472313
  timestamp: 1763055164278
- pypi: https://files.pythonhosted.org/packages/18/67/36e9267722cc04a6b9f15c7f3441c2363321a3ea07da7ae0c0707beb2a9c/typing_extensions-4.15.0-py3-none-any.whl
  name: typing-extensions
  version: 4.15.0
  sha256: f0fa19c6845758ab08074a0cfa8b7aecb71c999ca73d62883bc25cc018c4e548
  requires_python: '>=3.9'
- conda: https://conda.anaconda.org/conda-forge/noarch/tzdata-2025b-h78e105d_0.conda
  sha256: 5aaa366385d716557e365f0a4e9c3fca43ba196872abbbe3d56bb610d131e192
  md5: 4222072737ccff51314b5ece9c7d6f5a
  license: LicenseRef-Public-Domain
  purls: []
  size: 122968
  timestamp: 1742727099393
- conda: https://conda.anaconda.org/conda-forge/win-64/ucrt-10.0.26100.0-h57928b3_0.conda
  sha256: 3005729dce6f3d3f5ec91dfc49fc75a0095f9cd23bab49efb899657297ac91a5
  md5: 71b24316859acd00bdb8b38f5e2ce328
  constrains:
  - vc14_runtime >=14.29.30037
  - vs2015_runtime >=14.29.30037
  license: LicenseRef-MicrosoftWindowsSDK10
  purls: []
  size: 694692
  timestamp: 1756385147981
- pypi: https://files.pythonhosted.org/packages/a7/c2/fe1e52489ae3122415c51f387e221dd0773709bad6c6cdaa599e8a2c5185/urllib3-2.5.0-py3-none-any.whl
  name: urllib3
  version: 2.5.0
  sha256: e6b01673c0fa6a13e374b50871808eb3bf7046c4b125b216f6bf1cc604cff0dc
  requires_dist:
  - brotli>=1.0.9 ; platform_python_implementation == 'CPython' and extra == 'brotli'
  - brotlicffi>=0.8.0 ; platform_python_implementation != 'CPython' and extra == 'brotli'
  - h2>=4,<5 ; extra == 'h2'
  - pysocks>=1.5.6,!=1.5.7,<2.0 ; extra == 'socks'
  - zstandard>=0.18.0 ; extra == 'zstd'
  requires_python: '>=3.9'
- conda: https://conda.anaconda.org/conda-forge/win-64/vc-14.3-h2b53caa_32.conda
  sha256: 82250af59af9ff3c6a635dd4c4764c631d854feb334d6747d356d949af44d7cf
  md5: ef02bbe151253a72b8eda264a935db66
  depends:
  - vc14_runtime >=14.42.34433
  track_features:
  - vc14
  license: BSD-3-Clause
  license_family: BSD
  purls: []
  size: 18861
  timestamp: 1760418772353
- conda: https://conda.anaconda.org/conda-forge/win-64/vc14_runtime-14.44.35208-h818238b_32.conda
  sha256: e3a3656b70d1202e0d042811ceb743bd0d9f7e00e2acdf824d231b044ef6c0fd
  md5: 378d5dcec45eaea8d303da6f00447ac0
  depends:
  - ucrt >=10.0.20348.0
  - vcomp14 14.44.35208 h818238b_32
  constrains:
  - vs2015_runtime 14.44.35208.* *_32
  license: LicenseRef-MicrosoftVisualCpp2015-2022Runtime
  license_family: Proprietary
  purls: []
  size: 682706
  timestamp: 1760418629729
- conda: https://conda.anaconda.org/conda-forge/win-64/vcomp14-14.44.35208-h818238b_32.conda
  sha256: f3790c88fbbdc55874f41de81a4237b1b91eab75e05d0e58661518ff04d2a8a1
  md5: 58f67b437acbf2764317ba273d731f1d
  depends:
  - ucrt >=10.0.20348.0
  constrains:
  - vs2015_runtime 14.44.35208.* *_32
  license: LicenseRef-MicrosoftVisualCpp2015-2022Runtime
  license_family: Proprietary
  purls: []
  size: 114846
  timestamp: 1760418593847
