version: 6
environments:
  default:
    channels:
    - url: https://conda.anaconda.org/conda-forge/
    indexes:
    - https://pypi.org/simple
    options:
      pypi-prerelease-mode: if-necessary-or-explicit
    packages:
      win-64:
      - conda: https://conda.anaconda.org/conda-forge/win-64/bzip2-1.0.8-h0ad9c76_8.conda
      - conda: https://conda.anaconda.org/conda-forge/noarch/ca-certificates-2025.11.12-h4c7d964_0.conda
      - conda: https://conda.anaconda.org/conda-forge/win-64/libexpat-2.7.3-hac47afa_0.conda
      - conda: https://conda.anaconda.org/conda-forge/win-64/libffi-3.5.2-h52bdfb6_0.conda
      - conda: https://conda.anaconda.org/conda-forge/win-64/liblzma-5.8.2-hfd05255_0.conda
      - conda: https://conda.anaconda.org/conda-forge/win-64/libsqlite-3.51.2-hf5d6505_0.conda
      - conda: https://conda.anaconda.org/conda-forge/win-64/libzlib-1.3.1-h2466b09_2.conda
      - conda: https://conda.anaconda.org/conda-forge/win-64/openssl-3.6.0-h725018a_0.conda
      - conda: https://conda.anaconda.org/conda-forge/win-64/python-3.12.12-h0159041_2_cpython.conda
      - conda: https://conda.anaconda.org/conda-forge/win-64/tk-8.6.13-h2c6b04d_3.conda
      - conda: https://conda.anaconda.org/conda-forge/noarch/tzdata-2025b-h78e105d_0.conda
      - conda: https://conda.anaconda.org/conda-forge/win-64/ucrt-10.0.26100.0-h57928b3_0.conda
      - conda: https://conda.anaconda.org/conda-forge/win-64/vc-14.3-h2b53caa_32.conda
      - conda: https://conda.anaconda.org/conda-forge/win-64/vc14_runtime-14.44.35208-h818238b_32.conda
      - conda: https://conda.anaconda.org/conda-forge/win-64/vcomp14-14.44.35208-h818238b_32.conda
      - pypi: https://files.pythonhosted.org/packages/3e/b9/5b984124f539656efdf079f3d8f09d73667808ec8d0546e6bce6dc60ade6/casadi-3.7.2-cp312-none-win_amd64.whl
      - pypi: https://files.pythonhosted.org/packages/51/cf/52a703dbeb0c65807540d29699fef5fda073434ff61846a564d5c296420f/numpy-2.4.1-cp312-cp312-win_amd64.whl
      - pypi: https://files.pythonhosted.org/packages/86/bf/899e81e4cce32febab4fb42bb97dcdf66bc135272882d1987881a4b519e9/pyyaml-6.0.3-cp312-cp312-win_amd64.whl
      - pypi: https://files.pythonhosted.org/packages/92/ce/672ed546f96d5d41ae78c4b9b02006cedd0b3d6f2bf5bb76ea455c320c28/scipy-1.17.0-cp312-cp312-win_amd64.whl
      - pypi: ./
  docs:
    channels:
    - url: https://conda.anaconda.org/conda-forge/
    indexes:
    - https://pypi.org/simple
    options:
      pypi-prerelease-mode: if-necessary-or-explicit
    packages:
      win-64:
      - conda: https://conda.anaconda.org/conda-forge/win-64/bzip2-1.0.8-h0ad9c76_8.conda
      - conda: https://conda.anaconda.org/conda-forge/noarch/ca-certificates-2025.11.12-h4c7d964_0.conda
      - conda: https://conda.anaconda.org/conda-forge/win-64/libexpat-2.7.3-hac47afa_0.conda
      - conda: https://conda.anaconda.org/conda-forge/win-64/libffi-3.5.2-h52bdfb6_0.conda
      - conda: https://conda.anaconda.org/conda-forge/win-64/liblzma-5.8.2-hfd05255_0.conda
      - conda: https://conda.anaconda.org/conda-forge/win-64/libsqlite-3.51.2-hf5d6505_0.conda
      - conda: https://conda.anaconda.org/conda-forge/win-64/libzlib-1.3.1-h2466b09_2.conda
      - conda: https://conda.anaconda.org/conda-forge/win-64/openssl-3.6.0-h725018a_0.conda
      - conda: https://conda.anaconda.org/conda-forge/win-64/python-3.12.12-h0159041_2_cpython.conda
      - conda: https://conda.anaconda.org/conda-forge/win-64/tk-8.6.13-h2c6b04d_3.conda
      - conda: https://conda.anaconda.org/conda-forge/noarch/tzdata-2025b-h78e105d_0.conda
      - conda: https://conda.anaconda.org/conda-forge/win-64/ucrt-10.0.26100.0-h57928b3_0.conda
      - conda: https://conda.anaconda.org/conda-forge/win-64/vc-14.3-h2b53caa_32.conda
      - conda: https://conda.anaconda.org/conda-forge/win-64/vc14_runtime-14.44.35208-h818238b_32.conda
      - conda: https://conda.anaconda.org/conda-forge/win-64/vcomp14-14.44.35208-h818238b_32.conda
      - pypi: https://files.pythonhosted.org/packages/8d/3f/95338030883d8c8b91223b4e21744b04d11b161a3ef117295d8241f50ab4/accessible_pygments-0.0.5-py3-none-any.whl
      - pypi: https://files.pythonhosted.org/packages/7e/b3/6b4067be973ae96ba0d615946e314c5ae35f9f993eca561b356540bb0c2b/alabaster-1.0.0-py3-none-any.whl
      - pypi: https://files.pythonhosted.org/packages/ce/66/686ac4fc6ef48f5bacde625adac698f41d5316a9753c2b20bb0931c9d4e2/astroid-4.0.3-py3-none-any.whl
      - pypi: https://files.pythonhosted.org/packages/b7/b8/3fe70c75fe32afc4bb507f75563d39bc5642255d1d94f1f23604725780bf/babel-2.17.0-py3-none-any.whl
      - pypi: https://files.pythonhosted.org/packages/1a/39/47f9197bdd44df24d67ac8893641e16f386c984a0619ef2ee4c51fbbc019/beautifulsoup4-4.14.3-py3-none-any.whl
      - pypi: https://files.pythonhosted.org/packages/3e/b9/5b984124f539656efdf079f3d8f09d73667808ec8d0546e6bce6dc60ade6/casadi-3.7.2-cp312-none-win_amd64.whl
      - pypi: https://files.pythonhosted.org/packages/e6/ad/3cc14f097111b4de0040c83a525973216457bbeeb63739ef1ed275c1c021/certifi-2026.1.4-py3-none-any.whl
      - pypi: https://files.pythonhosted.org/packages/3d/2d/1e5ed9dd3b3803994c155cd9aacb60c82c331bad84daf75bcb9c91b3295e/charset_normalizer-3.4.4-cp312-cp312-win_amd64.whl
      - pypi: https://files.pythonhosted.org/packages/d1/d6/3965ed04c63042e047cb6a3e6ed1a63a35087b6a609aa3a15ed8ac56c221/colorama-0.4.6-py2.py3-none-any.whl
      - pypi: https://files.pythonhosted.org/packages/02/10/5da547df7a391dcde17f59520a231527b8571e6f46fc8efb02ccb370ab12/docutils-0.22.4-py3-none-any.whl
      - pypi: https://files.pythonhosted.org/packages/f4/b2/50e9b292b5cac13e9e81272c7171301abc753a60460d21505b606e15cf21/furo-2025.12.19-py3-none-any.whl
      - pypi: https://files.pythonhosted.org/packages/0e/61/66938bbb5fc52dbdf84594873d5b51fb1f7c7794e9c0f5bd885f30bc507b/idna-3.11-py3-none-any.whl
      - pypi: https://files.pythonhosted.org/packages/ff/62/85c4c919272577931d407be5ba5d71c20f0b616d31a0befe0ae45bb79abd/imagesize-1.4.1-py2.py3-none-any.whl
      - pypi: https://files.pythonhosted.org/packages/62/a1/3d680cbfd5f4b8f15abc1d571870c5fc3e594bb582bc3b64ea099db13e56/jinja2-3.1.6-py3-none-any.whl
      - pypi: https://files.pythonhosted.org/packages/aa/5b/bec5aa9bbbb2c946ca2733ef9c4ca91c91b6a24580193e891b5f7dbe8e1e/markupsafe-3.0.3-cp312-cp312-win_amd64.whl
      - pypi: https://files.pythonhosted.org/packages/51/cf/52a703dbeb0c65807540d29699fef5fda073434ff61846a564d5c296420f/numpy-2.4.1-cp312-cp312-win_amd64.whl
      - pypi: https://files.pythonhosted.org/packages/b7/b9/c538f279a4e237a006a2c98387d081e9eb060d203d8ed34467cc0f0b9b53/packaging-26.0-py3-none-any.whl
      - pypi: https://files.pythonhosted.org/packages/c7/21/705964c7812476f378728bdf590ca4b771ec72385c533964653c68e86bdc/pygments-2.19.2-py3-none-any.whl
      - pypi: https://files.pythonhosted.org/packages/86/bf/899e81e4cce32febab4fb42bb97dcdf66bc135272882d1987881a4b519e9/pyyaml-6.0.3-cp312-cp312-win_amd64.whl
      - pypi: https://files.pythonhosted.org/packages/1e/db/4254e3eabe8020b458f1a747140d32277ec7a271daf1d235b70dc0b4e6e3/requests-2.32.5-py3-none-any.whl
      - pypi: https://files.pythonhosted.org/packages/04/54/6f679c435d28e0a568d8e8a7c0a93a09010818634c3c3907fc98d8983770/roman_numerals-4.1.0-py3-none-any.whl
      - pypi: https://files.pythonhosted.org/packages/92/ce/672ed546f96d5d41ae78c4b9b02006cedd0b3d6f2bf5bb76ea455c320c28/scipy-1.17.0-cp312-cp312-win_amd64.whl
      - pypi: https://files.pythonhosted.org/packages/c8/78/3565d011c61f5a43488987ee32b6f3f656e7f107ac2782dd57bdd7d91d9a/snowballstemmer-3.0.1-py3-none-any.whl
      - pypi: https://files.pythonhosted.org/packages/46/2c/1462b1d0a634697ae9e55b3cecdcb64788e8b7d63f54d923fcd0bb140aed/soupsieve-2.8.3-py3-none-any.whl
      - pypi: https://files.pythonhosted.org/packages/73/f7/b1884cb3188ab181fc81fa00c266699dab600f927a964df02ec3d5d1916a/sphinx-9.1.0-py3-none-any.whl
      - pypi: https://files.pythonhosted.org/packages/ca/89/aea2f346fcdb44eb72464842e106b6291b2687feec2dd8b2de920ab89f28/sphinx_autoapi-3.6.1-py3-none-any.whl
      - pypi: https://files.pythonhosted.org/packages/3c/dd/018ce05c532a22007ac58d4f45232514cd9d6dd0ee1dc374e309db830983/sphinx_basic_ng-1.0.0b2-py3-none-any.whl
      - pypi: https://files.pythonhosted.org/packages/5d/85/9ebeae2f76e9e77b952f4b274c27238156eae7979c5421fba91a28f4970d/sphinxcontrib_applehelp-2.0.0-py3-none-any.whl
      - pypi: https://files.pythonhosted.org/packages/35/7a/987e583882f985fe4d7323774889ec58049171828b58c2217e7f79cdf44e/sphinxcontrib_devhelp-2.0.0-py3-none-any.whl
      - pypi: https://files.pythonhosted.org/packages/0a/7b/18a8c0bcec9182c05a0b3ec2a776bba4ead82750a55ff798e8d406dae604/sphinxcontrib_htmlhelp-2.1.0-py3-none-any.whl
      - pypi: https://files.pythonhosted.org/packages/c2/42/4c8646762ee83602e3fb3fbe774c2fac12f317deb0b5dbeeedd2d3ba4b77/sphinxcontrib_jsmath-1.0.1-py2.py3-none-any.whl
      - pypi: https://files.pythonhosted.org/packages/27/83/859ecdd180cacc13b1f7e857abf8582a64552ea7a061057a6c716e790fce/sphinxcontrib_qthelp-2.0.0-py3-none-any.whl
      - pypi: https://files.pythonhosted.org/packages/52/a7/d2782e4e3f77c8450f727ba74a8f12756d5ba823d81b941f1b04da9d033a/sphinxcontrib_serializinghtml-2.0.0-py3-none-any.whl
      - pypi: https://files.pythonhosted.org/packages/18/67/36e9267722cc04a6b9f15c7f3441c2363321a3ea07da7ae0c0707beb2a9c/typing_extensions-4.15.0-py3-none-any.whl
      - pypi: https://files.pythonhosted.org/packages/39/08/aaaad47bc4e9dc8c725e68f9d04865dbcb2052843ff09c97b08904852d84/urllib3-2.6.3-py3-none-any.whl
      - pypi: ./
packages:
- pypi: https://files.pythonhosted.org/packages/8d/3f/95338030883d8c8b91223b4e21744b04d11b161a3ef117295d8241f50ab4/accessible_pygments-0.0.5-py3-none-any.whl
  name: accessible-pygments
  version: 0.0.5
  sha256: 88ae3211e68a1d0b011504b2ffc1691feafce124b845bd072ab6f9f66f34d4b7
  requires_dist:
  - pygments>=1.5
  - pillow ; extra == 'dev'
  - pkginfo>=1.10 ; extra == 'dev'
  - playwright ; extra == 'dev'
  - pre-commit ; extra == 'dev'
  - setuptools ; extra == 'dev'
  - twine>=5.0 ; extra == 'dev'
  - hypothesis ; extra == 'tests'
  - pytest ; extra == 'tests'
  requires_python: '>=3.9'
- pypi: https://files.pythonhosted.org/packages/7e/b3/6b4067be973ae96ba0d615946e314c5ae35f9f993eca561b356540bb0c2b/alabaster-1.0.0-py3-none-any.whl
  name: alabaster
  version: 1.0.0
  sha256: fc6786402dc3fcb2de3cabd5fe455a2db534b371124f1f21de8731783dec828b
  requires_python: '>=3.10'
- pypi: https://files.pythonhosted.org/packages/ce/66/686ac4fc6ef48f5bacde625adac698f41d5316a9753c2b20bb0931c9d4e2/astroid-4.0.3-py3-none-any.whl
  name: astroid
  version: 4.0.3
  sha256: 864a0a34af1bd70e1049ba1e61cee843a7252c826d97825fcee9b2fcbd9e1b14
  requires_dist:
  - typing-extensions>=4 ; python_full_version < '3.11'
  requires_python: '>=3.10.0'
- pypi: https://files.pythonhosted.org/packages/b7/b8/3fe70c75fe32afc4bb507f75563d39bc5642255d1d94f1f23604725780bf/babel-2.17.0-py3-none-any.whl
  name: babel
  version: 2.17.0
  sha256: 4d0b53093fdfb4b21c92b5213dba5a1b23885afa8383709427046b21c366e5f2
  requires_dist:
  - pytz>=2015.7 ; python_full_version < '3.9'
  - tzdata ; sys_platform == 'win32' and extra == 'dev'
  - backports-zoneinfo ; python_full_version < '3.9' and extra == 'dev'
  - freezegun~=1.0 ; extra == 'dev'
  - jinja2>=3.0 ; extra == 'dev'
  - pytest-cov ; extra == 'dev'
  - pytest>=6.0 ; extra == 'dev'
  - pytz ; extra == 'dev'
  - setuptools ; extra == 'dev'
  requires_python: '>=3.8'
- pypi: https://files.pythonhosted.org/packages/1a/39/47f9197bdd44df24d67ac8893641e16f386c984a0619ef2ee4c51fbbc019/beautifulsoup4-4.14.3-py3-none-any.whl
  name: beautifulsoup4
  version: 4.14.3
  sha256: 0918bfe44902e6ad8d57732ba310582e98da931428d231a5ecb9e7c703a735bb
  requires_dist:
  - soupsieve>=1.6.1
  - typing-extensions>=4.0.0
  - cchardet ; extra == 'cchardet'
  - chardet ; extra == 'chardet'
  - charset-normalizer ; extra == 'charset-normalizer'
  - html5lib ; extra == 'html5lib'
  - lxml ; extra == 'lxml'
  requires_python: '>=3.7.0'
- conda: https://conda.anaconda.org/conda-forge/win-64/bzip2-1.0.8-h0ad9c76_8.conda
  sha256: d882712855624641f48aa9dc3f5feea2ed6b4e6004585d3616386a18186fe692
  md5: 1077e9333c41ff0be8edd1a5ec0ddace
  depends:
  - ucrt >=10.0.20348.0
  - vc >=14.3,<15
  - vc14_runtime >=14.44.35208
  license: bzip2-1.0.6
  license_family: BSD
  purls: []
  size: 55977
  timestamp: 1757437738856
- conda: https://conda.anaconda.org/conda-forge/noarch/ca-certificates-2025.11.12-h4c7d964_0.conda
  sha256: 686a13bd2d4024fc99a22c1e0e68a7356af3ed3304a8d3ff6bb56249ad4e82f0
  md5: f98fb7db808b94bc1ec5b0e62f9f1069
  depends:
  - __win
  license: ISC
  purls: []
  size: 152827
  timestamp: 1762967310929
- pypi: https://files.pythonhosted.org/packages/3e/b9/5b984124f539656efdf079f3d8f09d73667808ec8d0546e6bce6dc60ade6/casadi-3.7.2-cp312-none-win_amd64.whl
  name: casadi
  version: 3.7.2
  sha256: 81d677d2b020c1307c1eb25eae15686e5de199bb066828c3eaabdfaaaf457ffd
  requires_dist:
  - numpy
- pypi: https://files.pythonhosted.org/packages/e6/ad/3cc14f097111b4de0040c83a525973216457bbeeb63739ef1ed275c1c021/certifi-2026.1.4-py3-none-any.whl
  name: certifi
  version: 2026.1.4
  sha256: 9943707519e4add1115f44c2bc244f782c0249876bf51b6599fee1ffbedd685c
  requires_python: '>=3.7'
- pypi: https://files.pythonhosted.org/packages/3d/2d/1e5ed9dd3b3803994c155cd9aacb60c82c331bad84daf75bcb9c91b3295e/charset_normalizer-3.4.4-cp312-cp312-win_amd64.whl
  name: charset-normalizer
  version: 3.4.4
  sha256: a79cfe37875f822425b89a82333404539ae63dbdddf97f84dcbc3d339aae9525
  requires_python: '>=3.7'
- pypi: https://files.pythonhosted.org/packages/d1/d6/3965ed04c63042e047cb6a3e6ed1a63a35087b6a609aa3a15ed8ac56c221/colorama-0.4.6-py2.py3-none-any.whl
  name: colorama
  version: 0.4.6
  sha256: 4f1d9991f5acc0ca119f9d443620b77f9d6b33703e51011c16baf57afb285fc6
  requires_python: '>=2.7,!=3.0.*,!=3.1.*,!=3.2.*,!=3.3.*,!=3.4.*,!=3.5.*,!=3.6.*'
- pypi: https://files.pythonhosted.org/packages/02/10/5da547df7a391dcde17f59520a231527b8571e6f46fc8efb02ccb370ab12/docutils-0.22.4-py3-none-any.whl
  name: docutils
  version: 0.22.4
  sha256: d0013f540772d1420576855455d050a2180186c91c15779301ac2ccb3eeb68de
  requires_python: '>=3.9'
- pypi: https://files.pythonhosted.org/packages/f4/b2/50e9b292b5cac13e9e81272c7171301abc753a60460d21505b606e15cf21/furo-2025.12.19-py3-none-any.whl
  name: furo
  version: 2025.12.19
  sha256: bb0ead5309f9500130665a26bee87693c41ce4dbdff864dbfb6b0dae4673d24f
  requires_dist:
  - beautifulsoup4
  - sphinx>=7.0,<10.0
  - sphinx-basic-ng>=1.0.0b2
  - pygments>=2.7
  - accessible-pygments>=0.0.5
  requires_python: '>=3.8'
- pypi: ./
  name: hybrid-bo
  version: 0.1.0
  sha256: 0d6cf523d814933f988a75c216c82186b49050e2fd637b28a307ba1fdc96b11f
  requires_dist:
  - casadi>=3.7.2,<4
  - numpy>=2.4.1,<3
  - pyyaml>=6.0.3,<7
  - scipy>=1.15
  requires_python: '>=3.12'
- pypi: https://files.pythonhosted.org/packages/0e/61/66938bbb5fc52dbdf84594873d5b51fb1f7c7794e9c0f5bd885f30bc507b/idna-3.11-py3-none-any.whl
  name: idna
  version: '3.11'
  sha256: 771a87f49d9defaf64091e6e6fe9c18d4833f140bd19464795bc32d966ca37ea
  requires_dist:
  - ruff>=0.6.2 ; extra == 'all'
  - mypy>=1.11.2 ; extra == 'all'
  - pytest>=8.3.2 ; extra == 'all'
  - flake8>=7.1.1 ; extra == 'all'
  requires_python: '>=3.8'
- pypi: https://files.pythonhosted.org/packages/ff/62/85c4c919272577931d407be5ba5d71c20f0b616d31a0befe0ae45bb79abd/imagesize-1.4.1-py2.py3-none-any.whl
  name: imagesize
  version: 1.4.1
  sha256: 0d8d18d08f840c19d0ee7ca1fd82490fdc3729b7ac93f49870406ddde8ef8d8b
  requires_python: '>=2.7,!=3.0.*,!=3.1.*,!=3.2.*,!=3.3.*'
- pypi: https://files.pythonhosted.org/packages/62/a1/3d680cbfd5f4b8f15abc1d571870c5fc3e594bb582bc3b64ea099db13e56/jinja2-3.1.6-py3-none-any.whl
  name: jinja2
  version: 3.1.6
  sha256: 85ece4451f492d0c13c5dd7c13a64681a86afae63a5f347908daf103ce6d2f67
  requires_dist:
  - markupsafe>=2.0
  - babel>=2.7 ; extra == 'i18n'
  requires_python: '>=3.7'
- conda: https://conda.anaconda.org/conda-forge/win-64/libexpat-2.7.3-hac47afa_0.conda
  sha256: 844ab708594bdfbd7b35e1a67c379861bcd180d6efe57b654f482ae2f7f5c21e
  md5: 8c9e4f1a0e688eef2e95711178061a0f
  depends:
  - ucrt >=10.0.20348.0
  - vc >=14.3,<15
  - vc14_runtime >=14.44.35208
  constrains:
  - expat 2.7.3.*
  license: MIT
  license_family: MIT
  purls: []
  size: 70137
  timestamp: 1763550049107
- conda: https://conda.anaconda.org/conda-forge/win-64/libffi-3.5.2-h52bdfb6_0.conda
  sha256: ddff25aaa4f0aa535413f5d831b04073789522890a4d8626366e43ecde1534a3
  md5: ba4ad812d2afc22b9a34ce8327a0930f
  depends:
  - ucrt >=10.0.20348.0
  - vc >=14.3,<15
  - vc14_runtime >=14.44.35208
  license: MIT
  license_family: MIT
  purls: []
  size: 44866
  timestamp: 1760295760649
- conda: https://conda.anaconda.org/conda-forge/win-64/liblzma-5.8.2-hfd05255_0.conda
  sha256: f25bf293f550c8ed2e0c7145eb404324611cfccff37660869d97abf526eb957c
  md5: ba0bfd4c3cf73f299ffe46ff0eaeb8e3
  depends:
  - ucrt >=10.0.20348.0
  - vc >=14.3,<15
  - vc14_runtime >=14.44.35208
  constrains:
  - xz 5.8.2.*
  license: 0BSD
  purls: []
  size: 106169
  timestamp: 1768752763559
- conda: https://conda.anaconda.org/conda-forge/win-64/libsqlite-3.51.2-hf5d6505_0.conda
  sha256: 756478128e3e104bd7e7c3ce6c1b0efad7e08c7320c69fdc726e039323c63fbb
  md5: 903979414b47d777d548e5f0165e6cd8
  depends:
  - ucrt >=10.0.20348.0
  - vc >=14.3,<15
  - vc14_runtime >=14.44.35208
  license: blessing
  purls: []
  size: 1291616
  timestamp: 1768148278261
- conda: https://conda.anaconda.org/conda-forge/win-64/libzlib-1.3.1-h2466b09_2.conda
  sha256: ba945c6493449bed0e6e29883c4943817f7c79cbff52b83360f7b341277c6402
  md5: 41fbfac52c601159df6c01f875de31b9
  depends:
  - ucrt >=10.0.20348.0
  - vc >=14.2,<15
  - vc14_runtime >=14.29.30139
  constrains:
  - zlib 1.3.1 *_2
  license: Zlib
  license_family: Other
  purls: []
  size: 55476
  timestamp: 1727963768015
- pypi: https://files.pythonhosted.org/packages/aa/5b/bec5aa9bbbb2c946ca2733ef9c4ca91c91b6a24580193e891b5f7dbe8e1e/markupsafe-3.0.3-cp312-cp312-win_amd64.whl
  name: markupsafe
  version: 3.0.3
  sha256: 26a5784ded40c9e318cfc2bdb30fe164bdb8665ded9cd64d500a34fb42067b1c
  requires_python: '>=3.9'
- pypi: https://files.pythonhosted.org/packages/51/cf/52a703dbeb0c65807540d29699fef5fda073434ff61846a564d5c296420f/numpy-2.4.1-cp312-cp312-win_amd64.whl
  name: numpy
  version: 2.4.1
  sha256: e1a27bb1b2dee45a2a53f5ca6ff2d1a7f135287883a1689e930d44d1ff296c87
  requires_python: '>=3.11'
- conda: https://conda.anaconda.org/conda-forge/win-64/openssl-3.6.0-h725018a_0.conda
  sha256: 6d72d6f766293d4f2aa60c28c244c8efed6946c430814175f959ffe8cab899b3
  md5: 84f8fb4afd1157f59098f618cd2437e4
  depends:
  - ca-certificates
  - ucrt >=10.0.20348.0
  - vc >=14.3,<15
  - vc14_runtime >=14.44.35208
  license: Apache-2.0
  license_family: Apache
  purls: []
  size: 9440812
  timestamp: 1762841722179
- pypi: https://files.pythonhosted.org/packages/b7/b9/c538f279a4e237a006a2c98387d081e9eb060d203d8ed34467cc0f0b9b53/packaging-26.0-py3-none-any.whl
  name: packaging
  version: '26.0'
  sha256: b36f1fef9334a5588b4166f8bcd26a14e521f2b55e6b9de3aaa80d3ff7a37529
  requires_python: '>=3.8'
- pypi: https://files.pythonhosted.org/packages/c7/21/705964c7812476f378728bdf590ca4b771ec72385c533964653c68e86bdc/pygments-2.19.2-py3-none-any.whl
  name: pygments
  version: 2.19.2
  sha256: 86540386c03d588bb81d44bc3928634ff26449851e99741617ecb9037ee5ec0b
  requires_dist:
  - colorama>=0.4.6 ; extra == 'windows-terminal'
  requires_python: '>=3.8'
- conda: https://conda.anaconda.org/conda-forge/win-64/python-3.12.12-h0159041_2_cpython.conda
  build_number: 2
  sha256: 5937ab50dfeb979f7405132f73e836a29690f21162308b95b240b8037aa99975
  md5: 068897f82240d69580c2d93f93b56ff5
  depends:
  - bzip2 >=1.0.8,<2.0a0
  - libexpat >=2.7.3,<3.0a0
  - libffi >=3.5.2,<3.6.0a0
  - liblzma >=5.8.2,<6.0a0
  - libsqlite >=3.51.2,<4.0a0
  - libzlib >=1.3.1,<2.0a0
  - openssl >=3.5.4,<4.0a0
  - tk >=8.6.13,<8.7.0a0
  - tzdata
  - ucrt >=10.0.20348.0
  - vc >=14.3,<15
  - vc14_runtime >=14.44.35208
  constrains:
  - python_abi 3.12.* *_cp312
  license: Python-2.0
  purls: []
  size: 15829087
  timestamp: 1769470991307
- pypi: https://files.pythonhosted.org/packages/86/bf/899e81e4cce32febab4fb42bb97dcdf66bc135272882d1987881a4b519e9/pyyaml-6.0.3-cp312-cp312-win_amd64.whl
  name: pyyaml
  version: 6.0.3
  sha256: 5fcd34e47f6e0b794d17de1b4ff496c00986e1c83f7ab2fb8fcfe9616ff7477b
  requires_python: '>=3.8'
- pypi: https://files.pythonhosted.org/packages/1e/db/4254e3eabe8020b458f1a747140d32277ec7a271daf1d235b70dc0b4e6e3/requests-2.32.5-py3-none-any.whl
  name: requests
  version: 2.32.5
  sha256: 2462f94637a34fd532264295e186976db0f5d453d1cdd31473c85a6a161affb6
  requires_dist:
  - charset-normalizer>=2,<4
  - idna>=2.5,<4
  - urllib3>=1.21.1,<3
  - certifi>=2017.4.17
  - pysocks>=1.5.6,!=1.5.7 ; extra == 'socks'
  - chardet>=3.0.2,<6 ; extra == 'use-chardet-on-py3'
  requires_python: '>=3.9'
- pypi: https://files.pythonhosted.org/packages/04/54/6f679c435d28e0a568d8e8a7c0a93a09010818634c3c3907fc98d8983770/roman_numerals-4.1.0-py3-none-any.whl
  name: roman-numerals
  version: 4.1.0
  sha256: 647ba99caddc2cc1e55a51e4360689115551bf4476d90e8162cf8c345fe233c7
  requires_python: '>=3.10'
- pypi: https://files.pythonhosted.org/packages/92/ce/672ed546f96d5d41ae78c4b9b02006cedd0b3d6f2bf5bb76ea455c320c28/scipy-1.17.0-cp312-cp312-win_amd64.whl
  name: scipy
  version: 1.17.0
  sha256: 0937a0b0d8d593a198cededd4c439a0ea216a3f36653901ea1f3e4be949056f8
  requires_dist:
  - numpy>=1.26.4,<2.7
  - pytest>=8.0.0 ; extra == 'test'
  - pytest-cov ; extra == 'test'
  - pytest-timeout ; extra == 'test'
  - pytest-xdist ; extra == 'test'
  - asv ; extra == 'test'
  - mpmath ; extra == 'test'
  - gmpy2 ; extra == 'test'
  - threadpoolctl ; extra == 'test'
  - scikit-umfpack ; extra == 'test'
  - pooch ; extra == 'test'
  - hypothesis>=6.30 ; extra == 'test'
  - array-api-strict>=2.3.1 ; extra == 'test'
  - cython ; extra == 'test'
  - meson ; extra == 'test'
  - ninja ; sys_platform != 'emscripten' and extra == 'test'
  - sphinx>=5.0.0,<8.2.0 ; extra == 'doc'
  - intersphinx-registry ; extra == 'doc'
  - pydata-sphinx-theme>=0.15.2 ; extra == 'doc'
  - sphinx-copybutton ; extra == 'doc'
  - sphinx-design>=0.4.0 ; extra == 'doc'
  - matplotlib>=3.5 ; extra == 'doc'
  - numpydoc ; extra == 'doc'
  - jupytext ; extra == 'doc'
  - myst-nb>=1.2.0 ; extra == 'doc'
  - pooch ; extra == 'doc'
  - jupyterlite-sphinx>=0.19.1 ; extra == 'doc'
  - jupyterlite-pyodide-kernel ; extra == 'doc'
  - linkify-it-py ; extra == 'doc'
  - tabulate ; extra == 'doc'
  - click<8.3.0 ; extra == 'dev'
  - spin ; extra == 'dev'
  - mypy==1.10.0 ; extra == 'dev'
  - typing-extensions ; extra == 'dev'
  - types-psutil ; extra == 'dev'
  - pycodestyle ; extra == 'dev'
  - ruff>=0.12.0 ; extra == 'dev'
  - cython-lint>=0.12.2 ; extra == 'dev'
  requires_python: '>=3.11'
- pypi: https://files.pythonhosted.org/packages/c8/78/3565d011c61f5a43488987ee32b6f3f656e7f107ac2782dd57bdd7d91d9a/snowballstemmer-3.0.1-py3-none-any.whl
  name: snowballstemmer
  version: 3.0.1
  sha256: 6cd7b3897da8d6c9ffb968a6781fa6532dce9c3618a4b127d920dab764a19064
  requires_python: '!=3.0.*,!=3.1.*,!=3.2.*'
- pypi: https://files.pythonhosted.org/packages/46/2c/1462b1d0a634697ae9e55b3cecdcb64788e8b7d63f54d923fcd0bb140aed/soupsieve-2.8.3-py3-none-any.whl
  name: soupsieve
  version: 2.8.3
  sha256: ed64f2ba4eebeab06cc4962affce381647455978ffc1e36bb79a545b91f45a95
  requires_python: '>=3.9'
- pypi: https://files.pythonhosted.org/packages/73/f7/b1884cb3188ab181fc81fa00c266699dab600f927a964df02ec3d5d1916a/sphinx-9.1.0-py3-none-any.whl
  name: sphinx
  version: 9.1.0
  sha256: c84fdd4e782504495fe4f2c0b3413d6c2bf388589bb352d439b2a3bb99991978
  requires_dist:
  - sphinxcontrib-applehelp>=1.0.7
  - sphinxcontrib-devhelp>=1.0.6
  - sphinxcontrib-htmlhelp>=2.0.6
  - sphinxcontrib-jsmath>=1.0.1
  - sphinxcontrib-qthelp>=1.0.6
  - sphinxcontrib-serializinghtml>=1.1.9
  - jinja2>=3.1
  - pygments>=2.17
  - docutils>=0.21,<0.23
  - snowballstemmer>=2.2
  - babel>=2.13
  - alabaster>=0.7.14
  - imagesize>=1.3
  - requests>=2.30.0
  - roman-numerals>=1.0.0
  - packaging>=23.0
  - colorama>=0.4.6 ; sys_platform == 'win32'
  requires_python: '>=3.12'
- pypi: https://files.pythonhosted.org/packages/ca/89/aea2f346fcdb44eb72464842e106b6291b2687feec2dd8b2de920ab89f28/sphinx_autoapi-3.6.1-py3-none-any.whl
  name: sphinx-autoapi
  version: 3.6.1
  sha256: 6b7af0d5650f6eac1f4b85c1eb9f9a4911160ec7138bdc4451c77a5e94d5832c
  requires_dist:
  - astroid~=3.0 ; python_full_version < '3.12'
  - astroid~=4.0 ; python_full_version >= '3.12'
  - jinja2
  - pyyaml
  - sphinx>=7.4.0
  - stdlib-list ; python_full_version < '3.10'
  requires_python: '>=3.9'
- pypi: https://files.pythonhosted.org/packages/3c/dd/018ce05c532a22007ac58d4f45232514cd9d6dd0ee1dc374e309db830983/sphinx_basic_ng-1.0.0b2-py3-none-any.whl
  name: sphinx-basic-ng
  version: 1.0.0b2
  sha256: eb09aedbabfb650607e9b4b68c9d240b90b1e1be221d6ad71d61c52e29f7932b
  requires_dist:
  - sphinx>=4.0
  - furo ; extra == 'docs'
  - myst-parser ; extra == 'docs'
  - sphinx-copybutton ; extra == 'docs'
  - sphinx-inline-tabs ; extra == 'docs'
  - ipython ; extra == 'docs'
  requires_python: '>=3.7'
- pypi: https://files.pythonhosted.org/packages/5d/85/9ebeae2f76e9e77b952f4b274c27238156eae7979c5421fba91a28f4970d/sphinxcontrib_applehelp-2.0.0-py3-none-any.whl
  name: sphinxcontrib-applehelp
  version: 2.0.0
  sha256: 4cd3f0ec4ac5dd9c17ec65e9ab272c9b867ea77425228e68ecf08d6b28ddbdb5
  requires_dist:
  - ruff==0.5.5 ; extra == 'lint'
  - mypy ; extra == 'lint'
  - types-docutils ; extra == 'lint'
  - sphinx>=5 ; extra == 'standalone'
  - pytest ; extra == 'test'
  requires_python: '>=3.9'
- pypi: https://files.pythonhosted.org/packages/35/7a/987e583882f985fe4d7323774889ec58049171828b58c2217e7f79cdf44e/sphinxcontrib_devhelp-2.0.0-py3-none-any.whl
  name: sphinxcontrib-devhelp
  version: 2.0.0
  sha256: aefb8b83854e4b0998877524d1029fd3e6879210422ee3780459e28a1f03a8a2
  requires_dist:
  - ruff==0.5.5 ; extra == 'lint'
  - mypy ; extra == 'lint'
  - types-docutils ; extra == 'lint'
  - sphinx>=5 ; extra == 'standalone'
  - pytest ; extra == 'test'
  requires_python: '>=3.9'
- pypi: https://files.pythonhosted.org/packages/0a/7b/18a8c0bcec9182c05a0b3ec2a776bba4ead82750a55ff798e8d406dae604/sphinxcontrib_htmlhelp-2.1.0-py3-none-any.whl
  name: sphinxcontrib-htmlhelp
  version: 2.1.0
  sha256: 166759820b47002d22914d64a075ce08f4c46818e17cfc9470a9786b759b19f8
  requires_dist:
  - ruff==0.5.5 ; extra == 'lint'
  - mypy ; extra == 'lint'
  - types-docutils ; extra == 'lint'
  - sphinx>=5 ; extra == 'standalone'
  - pytest ; extra == 'test'
  - html5lib ; extra == 'test'
  requires_python: '>=3.9'
- pypi: https://files.pythonhosted.org/packages/c2/42/4c8646762ee83602e3fb3fbe774c2fac12f317deb0b5dbeeedd2d3ba4b77/sphinxcontrib_jsmath-1.0.1-py2.py3-none-any.whl
  name: sphinxcontrib-jsmath
  version: 1.0.1
  sha256: 2ec2eaebfb78f3f2078e73666b1415417a116cc848b72e5172e596c871103178
  requires_dist:
  - pytest ; extra == 'test'
  - flake8 ; extra == 'test'
  - mypy ; extra == 'test'
  requires_python: '>=3.5'
- pypi: https://files.pythonhosted.org/packages/27/83/859ecdd180cacc13b1f7e857abf8582a64552ea7a061057a6c716e790fce/sphinxcontrib_qthelp-2.0.0-py3-none-any.whl
  name: sphinxcontrib-qthelp
  version: 2.0.0
  sha256: b18a828cdba941ccd6ee8445dbe72ffa3ef8cbe7505d8cd1fa0d42d3f2d5f3eb
  requires_dist:
  - ruff==0.5.5 ; extra == 'lint'
  - mypy ; extra == 'lint'
  - types-docutils ; extra == 'lint'
  - sphinx>=5 ; extra == 'standalone'
  - pytest ; extra == 'test'
  - defusedxml>=0.7.1 ; extra == 'test'
  requires_python: '>=3.9'
- pypi: https://files.pythonhosted.org/packages/52/a7/d2782e4e3f77c8450f727ba74a8f12756d5ba823d81b941f1b04da9d033a/sphinxcontrib_serializinghtml-2.0.0-py3-none-any.whl
  name: sphinxcontrib-serializinghtml
  version: 2.0.0
  sha256: 6e2cb0eef194e10c27ec0023bfeb25badbbb5868244cf5bc5bdc04e4464bf331
  requires_dist:
  - ruff==0.5.5 ; extra == 'lint'
  - mypy ; extra == 'lint'
  - types-docutils ; extra == 'lint'
  - sphinx>=5 ; extra == 'standalone'
  - pytest ; extra == 'test'
  requires_python: '>=3.9'
- conda: https://conda.anaconda.org/conda-forge/win-64/tk-8.6.13-h2c6b04d_3.conda
  sha256: 4581f4ffb432fefa1ac4f85c5682cc27014bcd66e7beaa0ee330e927a7858790
  md5: 7cb36e506a7dba4817970f8adb6396f9
  depends:
  - ucrt >=10.0.20348.0
  - vc >=14.2,<15
  - vc14_runtime >=14.29.30139
  license: TCL
  license_family: BSD
  purls: []
  size: 3472313
  timestamp: 1763055164278
- pypi: https://files.pythonhosted.org/packages/18/67/36e9267722cc04a6b9f15c7f3441c2363321a3ea07da7ae0c0707beb2a9c/typing_extensions-4.15.0-py3-none-any.whl
  name: typing-extensions
  version: 4.15.0
  sha256: f0fa19c6845758ab08074a0cfa8b7aecb71c999ca73d62883bc25cc018c4e548
  requires_python: '>=3.9'
- conda: https://conda.anaconda.org/conda-forge/noarch/tzdata-2025b-h78e105d_0.conda
  sha256: 5aaa366385d716557e365f0a4e9c3fca43ba196872abbbe3d56bb610d131e192
  md5: 4222072737ccff51314b5ece9c7d6f5a
  license: LicenseRef-Public-Domain
  purls: []
  size: 122968
  timestamp: 1742727099393
- conda: https://conda.anaconda.org/conda-forge/win-64/ucrt-10.0.26100.0-h57928b3_0.conda
  sha256: 3005729dce6f3d3f5ec91dfc49fc75a0095f9cd23bab49efb899657297ac91a5
  md5: 71b24316859acd00bdb8b38f5e2ce328
  constrains:
  - vc14_runtime >=14.29.30037
  - vs2015_runtime >=14.29.30037
  license: LicenseRef-MicrosoftWindowsSDK10
  purls: []
  size: 694692
  timestamp: 1756385147981
- pypi: https://files.pythonhosted.org/packages/39/08/aaaad47bc4e9dc8c725e68f9d04865dbcb2052843ff09c97b08904852d84/urllib3-2.6.3-py3-none-any.whl
  name: urllib3
  version: 2.6.3
  sha256: bf272323e553dfb2e87d9bfd225ca7b0f467b919d7bbd355436d3fd37cb0acd4
  requires_dist:
  - brotli>=1.2.0 ; platform_python_implementation == 'CPython' and extra == 'brotli'
  - brotlicffi>=1.2.0.0 ; platform_python_implementation != 'CPython' and extra == 'brotli'
  - h2>=4,<5 ; extra == 'h2'
  - pysocks>=1.5.6,!=1.5.7,<2.0 ; extra == 'socks'
  - backports-zstd>=1.0.0 ; python_full_version < '3.14' and extra == 'zstd'
  requires_python: '>=3.9'
- conda: https://conda.anaconda.org/conda-forge/win-64/vc-14.3-h2b53caa_32.conda
  sha256: 82250af59af9ff3c6a635dd4c4764c631d854feb334d6747d356d949af44d7cf
  md5: ef02bbe151253a72b8eda264a935db66
  depends:
  - vc14_runtime >=14.42.34433
  track_features:
  - vc14
  license: BSD-3-Clause
  license_family: BSD
  purls: []
  size: 18861
  timestamp: 1760418772353
- conda: https://conda.anaconda.org/conda-forge/win-64/vc14_runtime-14.44.35208-h818238b_32.conda
  sha256: e3a3656b70d1202e0d042811ceb743bd0d9f7e00e2acdf824d231b044ef6c0fd
  md5: 378d5dcec45eaea8d303da6f00447ac0
  depends:
  - ucrt >=10.0.20348.0
  - vcomp14 14.44.35208 h818238b_32
  constrains:
  - vs2015_runtime 14.44.35208.* *_32
  license: LicenseRef-MicrosoftVisualCpp2015-2022Runtime
  license_family: Proprietary
  purls: []
  size: 682706
  timestamp: 1760418629729
- conda: https://conda.anaconda.org/conda-forge/win-64/vcomp14-14.44.35208-h818238b_32.conda
  sha256: f3790c88fbbdc55874f41de81a4237b1b91eab75e05d0e58661518ff04d2a8a1
  md5: 58f67b437acbf2764317ba273d731f1d
  depends:
  - ucrt >=10.0.20348.0
  constrains:
  - vs2015_runtime 14.44.35208.* *_32
  license: LicenseRef-MicrosoftVisualCpp2015-2022Runtime
  license_family: Proprietary
  purls: []
  size: 114846
  timestamp: 1760418593847
